// !$*UTF8*$!
{
	archiveVersion = 1;
	classes = {
	};
	objectVersion = 53;
	objects = {

/* Begin PBXBuildFile section */
		44A5934624DE8AD800C3E149 /* AppDelegate.swift in Sources */ = {isa = PBXBuildFile; fileRef = 44A5934524DE8AD800C3E149 /* AppDelegate.swift */; };
		44A5934824DE8AD800C3E149 /* SceneDelegate.swift in Sources */ = {isa = PBXBuildFile; fileRef = 44A5934724DE8AD800C3E149 /* SceneDelegate.swift */; };
		44A5934D24DE8AD800C3E149 /* Main.storyboard in Resources */ = {isa = PBXBuildFile; fileRef = 44A5934B24DE8AD800C3E149 /* Main.storyboard */; };
		44A5934F24DE8ADA00C3E149 /* Assets.xcassets in Resources */ = {isa = PBXBuildFile; fileRef = 44A5934E24DE8ADA00C3E149 /* Assets.xcassets */; };
		44A5935224DE8ADA00C3E149 /* LaunchScreen.storyboard in Resources */ = {isa = PBXBuildFile; fileRef = 44A5935024DE8ADA00C3E149 /* LaunchScreen.storyboard */; };
		44A5935C24DE982C00C3E149 /* ViewController.swift in Sources */ = {isa = PBXBuildFile; fileRef = 44A5935B24DE982C00C3E149 /* ViewController.swift */; };
		44A5936024DEF7E900C3E149 /* CircleProgressBar.swift in Sources */ = {isa = PBXBuildFile; fileRef = 44A5935F24DEF7E900C3E149 /* CircleProgressBar.swift */; };
/* End PBXBuildFile section */

/* Begin PBXFileReference section */
		44A5934224DE8AD800C3E149 /* HowOldAmI.app */ = {isa = PBXFileReference; explicitFileType = wrapper.application; includeInIndex = 0; path = HowOldAmI.app; sourceTree = BUILT_PRODUCTS_DIR; };
		44A5934524DE8AD800C3E149 /* AppDelegate.swift */ = {isa = PBXFileReference; lastKnownFileType = sourcecode.swift; path = AppDelegate.swift; sourceTree = "<group>"; };
		44A5934724DE8AD800C3E149 /* SceneDelegate.swift */ = {isa = PBXFileReference; lastKnownFileType = sourcecode.swift; path = SceneDelegate.swift; sourceTree = "<group>"; };
		44A5934C24DE8AD800C3E149 /* Base */ = {isa = PBXFileReference; lastKnownFileType = file.storyboard; name = Base; path = Base.lproj/Main.storyboard; sourceTree = "<group>"; };
		44A5934E24DE8ADA00C3E149 /* Assets.xcassets */ = {isa = PBXFileReference; lastKnownFileType = folder.assetcatalog; path = Assets.xcassets; sourceTree = "<group>"; };
		44A5935124DE8ADA00C3E149 /* Base */ = {isa = PBXFileReference; lastKnownFileType = file.storyboard; name = Base; path = Base.lproj/LaunchScreen.storyboard; sourceTree = "<group>"; };
		44A5935324DE8ADA00C3E149 /* Info.plist */ = {isa = PBXFileReference; lastKnownFileType = text.plist.xml; path = Info.plist; sourceTree = "<group>"; };
		44A5935B24DE982C00C3E149 /* ViewController.swift */ = {isa = PBXFileReference; fileEncoding = 4; lastKnownFileType = sourcecode.swift; path = ViewController.swift; sourceTree = "<group>"; };
		44A5935F24DEF7E900C3E149 /* CircleProgressBar.swift */ = {isa = PBXFileReference; lastKnownFileType = sourcecode.swift; path = CircleProgressBar.swift; sourceTree = "<group>"; };
/* End PBXFileReference section */

/* Begin PBXFrameworksBuildPhase section */
		44A5933F24DE8AD800C3E149 /* Frameworks */ = {
			isa = PBXFrameworksBuildPhase;
			buildActionMask = 2147483647;
			files = (
			);
			runOnlyForDeploymentPostprocessing = 0;
		};
/* End PBXFrameworksBuildPhase section */

/* Begin PBXGroup section */
		44A5933924DE8AD700C3E149 = {
			isa = PBXGroup;
			children = (
				44A5934424DE8AD800C3E149 /* HowOldAmI */,
				44A5934324DE8AD800C3E149 /* Products */,
			);
			sourceTree = "<group>";
			usesTabs = 0;
		};
		44A5934324DE8AD800C3E149 /* Products */ = {
			isa = PBXGroup;
			children = (
				44A5934224DE8AD800C3E149 /* HowOldAmI.app */,
			);
			name = Products;
			sourceTree = "<group>";
		};
		44A5934424DE8AD800C3E149 /* HowOldAmI */ = {
			isa = PBXGroup;
			children = (
				44A5934524DE8AD800C3E149 /* AppDelegate.swift */,
				44A5934724DE8AD800C3E149 /* SceneDelegate.swift */,
				44A5934B24DE8AD800C3E149 /* Main.storyboard */,
				44A5934E24DE8ADA00C3E149 /* Assets.xcassets */,
				44A5935B24DE982C00C3E149 /* ViewController.swift */,
				44A5935024DE8ADA00C3E149 /* LaunchScreen.storyboard */,
				44A5935324DE8ADA00C3E149 /* Info.plist */,
				44A5935F24DEF7E900C3E149 /* CircleProgressBar.swift */,
			);
			path = HowOldAmI;
			sourceTree = "<group>";
		};
/* End PBXGroup section */

/* Begin PBXNativeTarget section */
		44A5934124DE8AD800C3E149 /* HowOldAmI */ = {
			isa = PBXNativeTarget;
			buildConfigurationList = 44A5935624DE8ADA00C3E149 /* Build configuration list for PBXNativeTarget "HowOldAmI" */;
			buildPhases = (
				44A5933E24DE8AD800C3E149 /* Sources */,
				44A5933F24DE8AD800C3E149 /* Frameworks */,
				44A5934024DE8AD800C3E149 /* Resources */,
			);
			buildRules = (
			);
			dependencies = (
			);
			name = HowOldAmI;
			productName = "How Old Am I";
			productReference = 44A5934224DE8AD800C3E149 /* HowOldAmI.app */;
			productType = "com.apple.product-type.application";
		};
/* End PBXNativeTarget section */

/* Begin PBXProject section */
		44A5933A24DE8AD700C3E149 /* Project object */ = {
			isa = PBXProject;
			attributes = {
				LastSwiftUpdateCheck = 1160;
				LastUpgradeCheck = 1160;
				ORGANIZATIONNAME = "Виталий Шаповалов";
				TargetAttributes = {
					44A5934124DE8AD800C3E149 = {
						CreatedOnToolsVersion = 11.6;
					};
				};
			};
			buildConfigurationList = 44A5933D24DE8AD700C3E149 /* Build configuration list for PBXProject "HowOldAmI" */;
			compatibilityVersion = "Xcode 11.4";
			developmentRegion = en;
			hasScannedForEncodings = 0;
			knownRegions = (
				en,
				Base,
			);
			mainGroup = 44A5933924DE8AD700C3E149;
			productRefGroup = 44A5934324DE8AD800C3E149 /* Products */;
			projectDirPath = "";
			projectRoot = "";
			targets = (
				44A5934124DE8AD800C3E149 /* HowOldAmI */,
			);
		};
/* End PBXProject section */

/* Begin PBXResourcesBuildPhase section */
		44A5934024DE8AD800C3E149 /* Resources */ = {
			isa = PBXResourcesBuildPhase;
			buildActionMask = 2147483647;
			files = (
				44A5935224DE8ADA00C3E149 /* LaunchScreen.storyboard in Resources */,
				44A5934F24DE8ADA00C3E149 /* Assets.xcassets in Resources */,
				44A5934D24DE8AD800C3E149 /* Main.storyboard in Resources */,
			);
			runOnlyForDeploymentPostprocessing = 0;
		};
/* End PBXResourcesBuildPhase section */

/* Begin PBXSourcesBuildPhase section */
		44A5933E24DE8AD800C3E149 /* Sources */ = {
			isa = PBXSourcesBuildPhase;
			buildActionMask = 2147483647;
			files = (
				44A5935C24DE982C00C3E149 /* ViewController.swift in Sources */,
				44A5934624DE8AD800C3E149 /* AppDelegate.swift in Sources */,
				44A5936024DEF7E900C3E149 /* CircleProgressBar.swift in Sources */,
				44A5934824DE8AD800C3E149 /* SceneDelegate.swift in Sources */,
			);
			runOnlyForDeploymentPostprocessing = 0;
		};
/* End PBXSourcesBuildPhase section */

/* Begin PBXVariantGroup section */
		44A5934B24DE8AD800C3E149 /* Main.storyboard */ = {
			isa = PBXVariantGroup;
			children = (
				44A5934C24DE8AD800C3E149 /* Base */,
			);
			name = Main.storyboard;
			sourceTree = "<group>";
		};
		44A5935024DE8ADA00C3E149 /* LaunchScreen.storyboard */ = {
			isa = PBXVariantGroup;
			children = (
				44A5935124DE8ADA00C3E149 /* Base */,
			);
			name = LaunchScreen.storyboard;
			sourceTree = "<group>";
		};
/* End PBXVariantGroup section */

/* Begin XCBuildConfiguration section */
		44A5935424DE8ADA00C3E149 /* Debug */ = {
			isa = XCBuildConfiguration;
			buildSettings = {
				ALWAYS_SEARCH_USER_PATHS = NO;
				CLANG_ANALYZER_NONNULL = YES;
				CLANG_ANALYZER_NUMBER_OBJECT_CONVERSION = YES_AGGRESSIVE;
				CLANG_CXX_LANGUAGE_STANDARD = "gnu++14";
				CLANG_CXX_LIBRARY = "libc++";
				CLANG_ENABLE_MODULES = YES;
				CLANG_ENABLE_OBJC_ARC = YES;
				CLANG_ENABLE_OBJC_WEAK = YES;
				CLANG_WARN_BLOCK_CAPTURE_AUTORELEASING = YES;
				CLANG_WARN_BOOL_CONVERSION = YES;
				CLANG_WARN_COMMA = YES;
				CLANG_WARN_CONSTANT_CONVERSION = YES;
				CLANG_WARN_DEPRECATED_OBJC_IMPLEMENTATIONS = YES;
				CLANG_WARN_DIRECT_OBJC_ISA_USAGE = YES_ERROR;
				CLANG_WARN_DOCUMENTATION_COMMENTS = YES;
				CLANG_WARN_EMPTY_BODY = YES;
				CLANG_WARN_ENUM_CONVERSION = YES;
				CLANG_WARN_INFINITE_RECURSION = YES;
				CLANG_WARN_INT_CONVERSION = YES;
				CLANG_WARN_NON_LITERAL_NULL_CONVERSION = YES;
				CLANG_WARN_OBJC_IMPLICIT_RETAIN_SELF = YES;
				CLANG_WARN_OBJC_LITERAL_CONVERSION = YES;
				CLANG_WARN_OBJC_ROOT_CLASS = YES_ERROR;
				CLANG_WARN_RANGE_LOOP_ANALYSIS = YES;
				CLANG_WARN_STRICT_PROTOTYPES = YES;
				CLANG_WARN_SUSPICIOUS_MOVE = YES;
				CLANG_WARN_UNGUARDED_AVAILABILITY = YES_AGGRESSIVE;
				CLANG_WARN_UNREACHABLE_CODE = YES;
				CLANG_WARN__DUPLICATE_METHOD_MATCH = YES;
				COPY_PHASE_STRIP = NO;
				DEBUG_INFORMATION_FORMAT = dwarf;
				ENABLE_STRICT_OBJC_MSGSEND = YES;
				ENABLE_TESTABILITY = YES;
				GCC_C_LANGUAGE_STANDARD = gnu11;
				GCC_DYNAMIC_NO_PIC = NO;
				GCC_NO_COMMON_BLOCKS = YES;
				GCC_OPTIMIZATION_LEVEL = 0;
				GCC_PREPROCESSOR_DEFINITIONS = (
					"DEBUG=1",
					"$(inherited)",
				);
				GCC_WARN_64_TO_32_BIT_CONVERSION = YES;
				GCC_WARN_ABOUT_RETURN_TYPE = YES_ERROR;
				GCC_WARN_UNDECLARED_SELECTOR = YES;
				GCC_WARN_UNINITIALIZED_AUTOS = YES_AGGRESSIVE;
				GCC_WARN_UNUSED_FUNCTION = YES;
				GCC_WARN_UNUSED_VARIABLE = YES;
				IPHONEOS_DEPLOYMENT_TARGET = 13.6;
				MTL_ENABLE_DEBUG_INFO = INCLUDE_SOURCE;
				MTL_FAST_MATH = YES;
				ONLY_ACTIVE_ARCH = YES;
				SDKROOT = iphoneos;
				SWIFT_ACTIVE_COMPILATION_CONDITIONS = DEBUG;
				SWIFT_OPTIMIZATION_LEVEL = "-Onone";
			};
			name = Debug;
		};
		44A5935524DE8ADA00C3E149 /* Release */ = {
			isa = XCBuildConfiguration;
			buildSettings = {
				ALWAYS_SEARCH_USER_PATHS = NO;
				CLANG_ANALYZER_NONNULL = YES;
				CLANG_ANALYZER_NUMBER_OBJECT_CONVERSION = YES_AGGRESSIVE;
				CLANG_CXX_LANGUAGE_STANDARD = "gnu++14";
				CLANG_CXX_LIBRARY = "libc++";
				CLANG_ENABLE_MODULES = YES;
				CLANG_ENABLE_OBJC_ARC = YES;
				CLANG_ENABLE_OBJC_WEAK = YES;
				CLANG_WARN_BLOCK_CAPTURE_AUTORELEASING = YES;
				CLANG_WARN_BOOL_CONVERSION = YES;
				CLANG_WARN_COMMA = YES;
				CLANG_WARN_CONSTANT_CONVERSION = YES;
				CLANG_WARN_DEPRECATED_OBJC_IMPLEMENTATIONS = YES;
				CLANG_WARN_DIRECT_OBJC_ISA_USAGE = YES_ERROR;
				CLANG_WARN_DOCUMENTATION_COMMENTS = YES;
				CLANG_WARN_EMPTY_BODY = YES;
				CLANG_WARN_ENUM_CONVERSION = YES;
				CLANG_WARN_INFINITE_RECURSION = YES;
				CLANG_WARN_INT_CONVERSION = YES;
				CLANG_WARN_NON_LITERAL_NULL_CONVERSION = YES;
				CLANG_WARN_OBJC_IMPLICIT_RETAIN_SELF = YES;
				CLANG_WARN_OBJC_LITERAL_CONVERSION = YES;
				CLANG_WARN_OBJC_ROOT_CLASS = YES_ERROR;
				CLANG_WARN_RANGE_LOOP_ANALYSIS = YES;
				CLANG_WARN_STRICT_PROTOTYPES = YES;
				CLANG_WARN_SUSPICIOUS_MOVE = YES;
				CLANG_WARN_UNGUARDED_AVAILABILITY = YES_AGGRESSIVE;
				CLANG_WARN_UNREACHABLE_CODE = YES;
				CLANG_WARN__DUPLICATE_METHOD_MATCH = YES;
				COPY_PHASE_STRIP = NO;
				DEBUG_INFORMATION_FORMAT = "dwarf-with-dsym";
				ENABLE_NS_ASSERTIONS = NO;
				ENABLE_STRICT_OBJC_MSGSEND = YES;
				GCC_C_LANGUAGE_STANDARD = gnu11;
				GCC_NO_COMMON_BLOCKS = YES;
				GCC_WARN_64_TO_32_BIT_CONVERSION = YES;
				GCC_WARN_ABOUT_RETURN_TYPE = YES_ERROR;
				GCC_WARN_UNDECLARED_SELECTOR = YES;
				GCC_WARN_UNINITIALIZED_AUTOS = YES_AGGRESSIVE;
				GCC_WARN_UNUSED_FUNCTION = YES;
				GCC_WARN_UNUSED_VARIABLE = YES;
				IPHONEOS_DEPLOYMENT_TARGET = 13.6;
				MTL_ENABLE_DEBUG_INFO = NO;
				MTL_FAST_MATH = YES;
				SDKROOT = iphoneos;
				SWIFT_COMPILATION_MODE = wholemodule;
				SWIFT_OPTIMIZATION_LEVEL = "-O";
				VALIDATE_PRODUCT = YES;
			};
			name = Release;
		};
		44A5935724DE8ADA00C3E149 /* Debug */ = {
			isa = XCBuildConfiguration;
			buildSettings = {
				ASSETCATALOG_COMPILER_APPICON_NAME = AppIcon;
				CODE_SIGN_IDENTITY = "Apple Development";
				CODE_SIGN_STYLE = Automatic;
				DEVELOPMENT_TEAM = R358T89G6H;
				INFOPLIST_FILE = "How Old Am I/Info.plist";
				LD_RUNPATH_SEARCH_PATHS = (
					"$(inherited)",
					"@executable_path/Frameworks",
				);
				PRODUCT_BUNDLE_IDENTIFIER = "com.blacksymphony.how-old-am-i";
				PRODUCT_NAME = "$(TARGET_NAME)";
				PROVISIONING_PROFILE_SPECIFIER = "";
				SWIFT_VERSION = 5.0;
				TARGETED_DEVICE_FAMILY = "1,2";
			};
			name = Debug;
		};
		44A5935824DE8ADA00C3E149 /* Release */ = {
			isa = XCBuildConfiguration;
			buildSettings = {
				ASSETCATALOG_COMPILER_APPICON_NAME = AppIcon;
				CODE_SIGN_IDENTITY = "Apple Development";
				CODE_SIGN_STYLE = Automatic;
				DEVELOPMENT_TEAM = R358T89G6H;
				INFOPLIST_FILE = "How Old Am I/Info.plist";
				LD_RUNPATH_SEARCH_PATHS = (
					"$(inherited)",
					"@executable_path/Frameworks",
				);
				PRODUCT_BUNDLE_IDENTIFIER = "com.blacksymphony.how-old-am-i";
				PRODUCT_NAME = "$(TARGET_NAME)";
				PROVISIONING_PROFILE_SPECIFIER = "";
				SWIFT_VERSION = 5.0;
				TARGETED_DEVICE_FAMILY = "1,2";
			};
			name = Release;
		};
/* End XCBuildConfiguration section */

/* Begin XCConfigurationList section */
		44A5933D24DE8AD700C3E149 /* Build configuration list for PBXProject "HowOldAmI" */ = {
			isa = XCConfigurationList;
			buildConfigurations = (
				44A5935424DE8ADA00C3E149 /* Debug */,
				44A5935524DE8ADA00C3E149 /* Release */,
			);
			defaultConfigurationIsVisible = 0;
			defaultConfigurationName = Release;
		};
		44A5935624DE8ADA00C3E149 /* Build configuration list for PBXNativeTarget "HowOldAmI" */ = {
			isa = XCConfigurationList;
			buildConfigurations = (
				44A5935724DE8ADA00C3E149 /* Debug */,
				44A5935824DE8ADA00C3E149 /* Release */,
			);
			defaultConfigurationIsVisible = 0;
			defaultConfigurationName = Release;
		};
/* End XCConfigurationList section */
	};
	rootObject = 44A5933A24DE8AD700C3E149 /* Project object */;
}
