// !$*UTF8*$!
{
	archiveVersion = 1;
	classes = {
	};
	objectVersion = 50;
	objects = {

/* Begin PBXBuildFile section */
		440D15E424FC4E89006E667F /* AppDelegate.swift in Sources */ = {isa = PBXBuildFile; fileRef = 440D15E324FC4E89006E667F /* AppDelegate.swift */; };
		440D15E624FC4E89006E667F /* SceneDelegate.swift in Sources */ = {isa = PBXBuildFile; fileRef = 440D15E524FC4E89006E667F /* SceneDelegate.swift */; };
		440D15E824FC4E89006E667F /* ContentView.swift in Sources */ = {isa = PBXBuildFile; fileRef = 440D15E724FC4E89006E667F /* ContentView.swift */; };
		440D15EA24FC4E8C006E667F /* Assets.xcassets in Resources */ = {isa = PBXBuildFile; fileRef = 440D15E924FC4E8C006E667F /* Assets.xcassets */; };
		440D15ED24FC4E8C006E667F /* Preview Assets.xcassets in Resources */ = {isa = PBXBuildFile; fileRef = 440D15EC24FC4E8C006E667F /* Preview Assets.xcassets */; };
		440D15F024FC4E8C006E667F /* LaunchScreen.storyboard in Resources */ = {isa = PBXBuildFile; fileRef = 440D15EE24FC4E8C006E667F /* LaunchScreen.storyboard */; };
		440D15FB24FD72E1006E667F /* HomeScreenView.swift in Sources */ = {isa = PBXBuildFile; fileRef = 440D15FA24FD72E1006E667F /* HomeScreenView.swift */; };
		44192CB92501730E0035DA73 /* CaseOverviewView.swift in Sources */ = {isa = PBXBuildFile; fileRef = 44192CB82501730E0035DA73 /* CaseOverviewView.swift */; };
		44192CBE25017C190035DA73 /* Flags.xcassets in Resources */ = {isa = PBXBuildFile; fileRef = 44192CBD25017C190035DA73 /* Flags.xcassets */; };
		44192CC025017D940035DA73 /* ScreeningView.swift in Sources */ = {isa = PBXBuildFile; fileRef = 44192CBF25017D940035DA73 /* ScreeningView.swift */; };
		44192CC225018B1F0035DA73 /* DonoteNowView.swift in Sources */ = {isa = PBXBuildFile; fileRef = 44192CC125018B1F0035DA73 /* DonoteNowView.swift */; };
		44192CC525018CFC0035DA73 /* CaseSummaryViewModel.swift in Sources */ = {isa = PBXBuildFile; fileRef = 44192CC425018CFC0035DA73 /* CaseSummaryViewModel.swift */; };
		44192CC825018D6A0035DA73 /* CasesSummary.swift in Sources */ = {isa = PBXBuildFile; fileRef = 44192CC725018D6A0035DA73 /* CasesSummary.swift */; };
		448DB65C25038C6D00746ABB /* Colors.xcassets in Resources */ = {isa = PBXBuildFile; fileRef = 448DB65B25038C6D00746ABB /* Colors.xcassets */; };
		44DAC12B2503DD3E00B4EB29 /* StatisticsScreenView.swift in Sources */ = {isa = PBXBuildFile; fileRef = 44DAC12A2503DD3E00B4EB29 /* StatisticsScreenView.swift */; };
		44DAC12D2503FFAB00B4EB29 /* StatisticsInfoView.swift in Sources */ = {isa = PBXBuildFile; fileRef = 44DAC12C2503FFAB00B4EB29 /* StatisticsInfoView.swift */; };
		44DAC12F25041D7C00B4EB29 /* ContryListScreenView.swift in Sources */ = {isa = PBXBuildFile; fileRef = 44DAC12E25041D7C00B4EB29 /* ContryListScreenView.swift */; };
		44DAC131250435C700B4EB29 /* CountryStatisticScreenView.swift in Sources */ = {isa = PBXBuildFile; fileRef = 44DAC130250435C700B4EB29 /* CountryStatisticScreenView.swift */; };
		44DAC1332504419300B4EB29 /* BarGraphView.swift in Sources */ = {isa = PBXBuildFile; fileRef = 44DAC1322504419300B4EB29 /* BarGraphView.swift */; };
		44F73D092502B315004531C2 /* CaseSummaryService.swift in Sources */ = {isa = PBXBuildFile; fileRef = 44F73D082502B315004531C2 /* CaseSummaryService.swift */; };
		44F73D0C2502C7D4004531C2 /* Constant.swift in Sources */ = {isa = PBXBuildFile; fileRef = 44F73D0B2502C7D4004531C2 /* Constant.swift */; };
		44F9B48D24FEF8FC000D50CF /* SymptomView.swift in Sources */ = {isa = PBXBuildFile; fileRef = 44F9B48C24FEF8FC000D50CF /* SymptomView.swift */; };
		44F9B48F24FEFA32000D50CF /* PreventionView.swift in Sources */ = {isa = PBXBuildFile; fileRef = 44F9B48E24FEFA32000D50CF /* PreventionView.swift */; };
		44F9B49224FEFDAB000D50CF /* Symptom.swift in Sources */ = {isa = PBXBuildFile; fileRef = 44F9B49124FEFDAB000D50CF /* Symptom.swift */; };
/* End PBXBuildFile section */

/* Begin PBXFileReference section */
		440D15E024FC4E89006E667F /* swift-covid19.app */ = {isa = PBXFileReference; explicitFileType = wrapper.application; includeInIndex = 0; path = "swift-covid19.app"; sourceTree = BUILT_PRODUCTS_DIR; };
		440D15E324FC4E89006E667F /* AppDelegate.swift */ = {isa = PBXFileReference; lastKnownFileType = sourcecode.swift; path = AppDelegate.swift; sourceTree = "<group>"; };
		440D15E524FC4E89006E667F /* SceneDelegate.swift */ = {isa = PBXFileReference; lastKnownFileType = sourcecode.swift; path = SceneDelegate.swift; sourceTree = "<group>"; };
		440D15E724FC4E89006E667F /* ContentView.swift */ = {isa = PBXFileReference; lastKnownFileType = sourcecode.swift; path = ContentView.swift; sourceTree = "<group>"; };
		440D15E924FC4E8C006E667F /* Assets.xcassets */ = {isa = PBXFileReference; lastKnownFileType = folder.assetcatalog; path = Assets.xcassets; sourceTree = "<group>"; };
		440D15EC24FC4E8C006E667F /* Preview Assets.xcassets */ = {isa = PBXFileReference; lastKnownFileType = folder.assetcatalog; path = "Preview Assets.xcassets"; sourceTree = "<group>"; };
		440D15EF24FC4E8C006E667F /* Base */ = {isa = PBXFileReference; lastKnownFileType = file.storyboard; name = Base; path = Base.lproj/LaunchScreen.storyboard; sourceTree = "<group>"; };
		440D15F124FC4E8C006E667F /* Info.plist */ = {isa = PBXFileReference; lastKnownFileType = text.plist.xml; path = Info.plist; sourceTree = "<group>"; };
		440D15FA24FD72E1006E667F /* HomeScreenView.swift */ = {isa = PBXFileReference; lastKnownFileType = sourcecode.swift; path = HomeScreenView.swift; sourceTree = "<group>"; };
		44192CB82501730E0035DA73 /* CaseOverviewView.swift */ = {isa = PBXFileReference; lastKnownFileType = sourcecode.swift; path = CaseOverviewView.swift; sourceTree = "<group>"; };
		44192CBD25017C190035DA73 /* Flags.xcassets */ = {isa = PBXFileReference; lastKnownFileType = folder.assetcatalog; path = Flags.xcassets; sourceTree = "<group>"; };
		44192CBF25017D940035DA73 /* ScreeningView.swift */ = {isa = PBXFileReference; lastKnownFileType = sourcecode.swift; path = ScreeningView.swift; sourceTree = "<group>"; };
		44192CC125018B1F0035DA73 /* DonoteNowView.swift */ = {isa = PBXFileReference; lastKnownFileType = sourcecode.swift; path = DonoteNowView.swift; sourceTree = "<group>"; };
		44192CC425018CFC0035DA73 /* CaseSummaryViewModel.swift */ = {isa = PBXFileReference; lastKnownFileType = sourcecode.swift; path = CaseSummaryViewModel.swift; sourceTree = "<group>"; };
		44192CC725018D6A0035DA73 /* CasesSummary.swift */ = {isa = PBXFileReference; lastKnownFileType = sourcecode.swift; path = CasesSummary.swift; sourceTree = "<group>"; };
		448DB65B25038C6D00746ABB /* Colors.xcassets */ = {isa = PBXFileReference; lastKnownFileType = folder.assetcatalog; path = Colors.xcassets; sourceTree = "<group>"; };
		44DAC12A2503DD3E00B4EB29 /* StatisticsScreenView.swift */ = {isa = PBXFileReference; lastKnownFileType = sourcecode.swift; path = StatisticsScreenView.swift; sourceTree = "<group>"; };
		44DAC12C2503FFAB00B4EB29 /* StatisticsInfoView.swift */ = {isa = PBXFileReference; lastKnownFileType = sourcecode.swift; path = StatisticsInfoView.swift; sourceTree = "<group>"; };
		44DAC12E25041D7C00B4EB29 /* ContryListScreenView.swift */ = {isa = PBXFileReference; lastKnownFileType = sourcecode.swift; path = ContryListScreenView.swift; sourceTree = "<group>"; };
		44DAC130250435C700B4EB29 /* CountryStatisticScreenView.swift */ = {isa = PBXFileReference; lastKnownFileType = sourcecode.swift; path = CountryStatisticScreenView.swift; sourceTree = "<group>"; };
		44DAC1322504419300B4EB29 /* BarGraphView.swift */ = {isa = PBXFileReference; lastKnownFileType = sourcecode.swift; path = BarGraphView.swift; sourceTree = "<group>"; };
		44F73D082502B315004531C2 /* CaseSummaryService.swift */ = {isa = PBXFileReference; lastKnownFileType = sourcecode.swift; path = CaseSummaryService.swift; sourceTree = "<group>"; };
		44F73D0B2502C7D4004531C2 /* Constant.swift */ = {isa = PBXFileReference; lastKnownFileType = sourcecode.swift; path = Constant.swift; sourceTree = "<group>"; };
		44F9B48C24FEF8FC000D50CF /* SymptomView.swift */ = {isa = PBXFileReference; lastKnownFileType = sourcecode.swift; path = SymptomView.swift; sourceTree = "<group>"; };
		44F9B48E24FEFA32000D50CF /* PreventionView.swift */ = {isa = PBXFileReference; lastKnownFileType = sourcecode.swift; path = PreventionView.swift; sourceTree = "<group>"; };
		44F9B49124FEFDAB000D50CF /* Symptom.swift */ = {isa = PBXFileReference; lastKnownFileType = sourcecode.swift; path = Symptom.swift; sourceTree = "<group>"; };
/* End PBXFileReference section */

/* Begin PBXFrameworksBuildPhase section */
		440D15DD24FC4E89006E667F /* Frameworks */ = {
			isa = PBXFrameworksBuildPhase;
			buildActionMask = 2147483647;
			files = (
			);
			runOnlyForDeploymentPostprocessing = 0;
		};
/* End PBXFrameworksBuildPhase section */

/* Begin PBXGroup section */
		440D15D724FC4E89006E667F = {
			isa = PBXGroup;
			children = (
				440D15E224FC4E89006E667F /* swift-covid19 */,
				440D15E124FC4E89006E667F /* Products */,
			);
			sourceTree = "<group>";
		};
		440D15E124FC4E89006E667F /* Products */ = {
			isa = PBXGroup;
			children = (
				440D15E024FC4E89006E667F /* swift-covid19.app */,
			);
			name = Products;
			sourceTree = "<group>";
		};
		440D15E224FC4E89006E667F /* swift-covid19 */ = {
			isa = PBXGroup;
			children = (
				44F73D0A2502C7B0004531C2 /* Constant */,
				44F9B49024FEFD8A000D50CF /* Models */,
				44192CC325018BDF0035DA73 /* ViewModel */,
				44F73D072502B2F1004531C2 /* NetworkingManager */,
				440D15F924FD7285006E667F /* Views */,
				440D15E324FC4E89006E667F /* AppDelegate.swift */,
				440D15E524FC4E89006E667F /* SceneDelegate.swift */,
				440D15EE24FC4E8C006E667F /* LaunchScreen.storyboard */,
				440D15F124FC4E8C006E667F /* Info.plist */,
				44192CBD25017C190035DA73 /* Flags.xcassets */,
				440D15E924FC4E8C006E667F /* Assets.xcassets */,
				448DB65B25038C6D00746ABB /* Colors.xcassets */,
				440D15EB24FC4E8C006E667F /* Preview Content */,
			);
			path = "swift-covid19";
			sourceTree = "<group>";
		};
		440D15EB24FC4E8C006E667F /* Preview Content */ = {
			isa = PBXGroup;
			children = (
				440D15EC24FC4E8C006E667F /* Preview Assets.xcassets */,
			);
			path = "Preview Content";
			sourceTree = "<group>";
		};
		440D15F924FD7285006E667F /* Views */ = {
			isa = PBXGroup;
			children = (
				440D15E724FC4E89006E667F /* ContentView.swift */,
				44192CB7250172F90035DA73 /* UI */,
				44F9B48924FEF8B2000D50CF /* Utils */,
				44F73D06250298D4004531C2 /* Screens */,
			);
			path = Views;
			sourceTree = "<group>";
		};
		44192CB7250172F90035DA73 /* UI */ = {
			isa = PBXGroup;
			children = (
				44192CB82501730E0035DA73 /* CaseOverviewView.swift */,
				44192CBF25017D940035DA73 /* ScreeningView.swift */,
				44192CC125018B1F0035DA73 /* DonoteNowView.swift */,
			);
			path = UI;
			sourceTree = "<group>";
		};
		44192CC325018BDF0035DA73 /* ViewModel */ = {
			isa = PBXGroup;
			children = (
				44192CC425018CFC0035DA73 /* CaseSummaryViewModel.swift */,
			);
			path = ViewModel;
			sourceTree = "<group>";
		};
		44F73D06250298D4004531C2 /* Screens */ = {
			isa = PBXGroup;
			children = (
				440D15FA24FD72E1006E667F /* HomeScreenView.swift */,
				44DAC12A2503DD3E00B4EB29 /* StatisticsScreenView.swift */,
				44DAC12E25041D7C00B4EB29 /* ContryListScreenView.swift */,
				44DAC130250435C700B4EB29 /* CountryStatisticScreenView.swift */,
			);
			path = Screens;
			sourceTree = "<group>";
		};
		44F73D072502B2F1004531C2 /* NetworkingManager */ = {
			isa = PBXGroup;
			children = (
				44F73D082502B315004531C2 /* CaseSummaryService.swift */,
			);
			path = NetworkingManager;
			sourceTree = "<group>";
		};
		44F73D0A2502C7B0004531C2 /* Constant */ = {
			isa = PBXGroup;
			children = (
				44F73D0B2502C7D4004531C2 /* Constant.swift */,
			);
			path = Constant;
			sourceTree = "<group>";
		};
		44F9B48924FEF8B2000D50CF /* Utils */ = {
			isa = PBXGroup;
			children = (
				44F9B48C24FEF8FC000D50CF /* SymptomView.swift */,
				44F9B48E24FEFA32000D50CF /* PreventionView.swift */,
				44DAC12C2503FFAB00B4EB29 /* StatisticsInfoView.swift */,
				44DAC1322504419300B4EB29 /* BarGraphView.swift */,
			);
			path = Utils;
			sourceTree = "<group>";
		};
		44F9B49024FEFD8A000D50CF /* Models */ = {
			isa = PBXGroup;
			children = (
				44192CC725018D6A0035DA73 /* CasesSummary.swift */,
				44F9B49124FEFDAB000D50CF /* Symptom.swift */,
			);
			path = Models;
			sourceTree = "<group>";
		};
/* End PBXGroup section */

/* Begin PBXNativeTarget section */
		440D15DF24FC4E89006E667F /* swift-covid19 */ = {
			isa = PBXNativeTarget;
			buildConfigurationList = 440D15F424FC4E8C006E667F /* Build configuration list for PBXNativeTarget "swift-covid19" */;
			buildPhases = (
				440D15DC24FC4E89006E667F /* Sources */,
				440D15DD24FC4E89006E667F /* Frameworks */,
				440D15DE24FC4E89006E667F /* Resources */,
			);
			buildRules = (
			);
			dependencies = (
			);
			name = "swift-covid19";
			productName = "swift-covid19";
			productReference = 440D15E024FC4E89006E667F /* swift-covid19.app */;
			productType = "com.apple.product-type.application";
		};
/* End PBXNativeTarget section */

/* Begin PBXProject section */
		440D15D824FC4E89006E667F /* Project object */ = {
			isa = PBXProject;
			attributes = {
				LastSwiftUpdateCheck = 1160;
				LastUpgradeCheck = 1160;
				ORGANIZATIONNAME = "Виталий Шаповалов";
				TargetAttributes = {
					440D15DF24FC4E89006E667F = {
						CreatedOnToolsVersion = 11.6;
					};
				};
			};
			buildConfigurationList = 440D15DB24FC4E89006E667F /* Build configuration list for PBXProject "swift-covid19" */;
			compatibilityVersion = "Xcode 9.3";
			developmentRegion = en;
			hasScannedForEncodings = 0;
			knownRegions = (
				en,
				Base,
			);
			mainGroup = 440D15D724FC4E89006E667F;
			productRefGroup = 440D15E124FC4E89006E667F /* Products */;
			projectDirPath = "";
			projectRoot = "";
			targets = (
				440D15DF24FC4E89006E667F /* swift-covid19 */,
			);
		};
/* End PBXProject section */

/* Begin PBXResourcesBuildPhase section */
		440D15DE24FC4E89006E667F /* Resources */ = {
			isa = PBXResourcesBuildPhase;
			buildActionMask = 2147483647;
			files = (
				448DB65C25038C6D00746ABB /* Colors.xcassets in Resources */,
				440D15F024FC4E8C006E667F /* LaunchScreen.storyboard in Resources */,
				440D15ED24FC4E8C006E667F /* Preview Assets.xcassets in Resources */,
				440D15EA24FC4E8C006E667F /* Assets.xcassets in Resources */,
				44192CBE25017C190035DA73 /* Flags.xcassets in Resources */,
			);
			runOnlyForDeploymentPostprocessing = 0;
		};
/* End PBXResourcesBuildPhase section */

/* Begin PBXSourcesBuildPhase section */
		440D15DC24FC4E89006E667F /* Sources */ = {
			isa = PBXSourcesBuildPhase;
			buildActionMask = 2147483647;
			files = (
				440D15E424FC4E89006E667F /* AppDelegate.swift in Sources */,
				44DAC12B2503DD3E00B4EB29 /* StatisticsScreenView.swift in Sources */,
				44DAC1332504419300B4EB29 /* BarGraphView.swift in Sources */,
				440D15FB24FD72E1006E667F /* HomeScreenView.swift in Sources */,
				44F9B48F24FEFA32000D50CF /* PreventionView.swift in Sources */,
				44F9B48D24FEF8FC000D50CF /* SymptomView.swift in Sources */,
				44DAC12D2503FFAB00B4EB29 /* StatisticsInfoView.swift in Sources */,
				440D15E624FC4E89006E667F /* SceneDelegate.swift in Sources */,
				44192CC025017D940035DA73 /* ScreeningView.swift in Sources */,
				44192CC825018D6A0035DA73 /* CasesSummary.swift in Sources */,
				44F73D0C2502C7D4004531C2 /* Constant.swift in Sources */,
				44F73D092502B315004531C2 /* CaseSummaryService.swift in Sources */,
				44F9B49224FEFDAB000D50CF /* Symptom.swift in Sources */,
				440D15E824FC4E89006E667F /* ContentView.swift in Sources */,
				44DAC12F25041D7C00B4EB29 /* ContryListScreenView.swift in Sources */,
				44DAC131250435C700B4EB29 /* CountryStatisticScreenView.swift in Sources */,
				44192CC225018B1F0035DA73 /* DonoteNowView.swift in Sources */,
				44192CC525018CFC0035DA73 /* CaseSummaryViewModel.swift in Sources */,
				44192CB92501730E0035DA73 /* CaseOverviewView.swift in Sources */,
			);
			runOnlyForDeploymentPostprocessing = 0;
		};
/* End PBXSourcesBuildPhase section */

/* Begin PBXVariantGroup section */
		440D15EE24FC4E8C006E667F /* LaunchScreen.storyboard */ = {
			isa = PBXVariantGroup;
			children = (
				440D15EF24FC4E8C006E667F /* Base */,
			);
			name = LaunchScreen.storyboard;
			sourceTree = "<group>";
		};
/* End PBXVariantGroup section */

/* Begin XCBuildConfiguration section */
		440D15F224FC4E8C006E667F /* Debug */ = {
			isa = XCBuildConfiguration;
			buildSettings = {
				ALWAYS_SEARCH_USER_PATHS = NO;
				CLANG_ANALYZER_NONNULL = YES;
				CLANG_ANALYZER_NUMBER_OBJECT_CONVERSION = YES_AGGRESSIVE;
				CLANG_CXX_LANGUAGE_STANDARD = "gnu++14";
				CLANG_CXX_LIBRARY = "libc++";
				CLANG_ENABLE_MODULES = YES;
				CLANG_ENABLE_OBJC_ARC = YES;
				CLANG_ENABLE_OBJC_WEAK = YES;
				CLANG_WARN_BLOCK_CAPTURE_AUTORELEASING = YES;
				CLANG_WARN_BOOL_CONVERSION = YES;
				CLANG_WARN_COMMA = YES;
				CLANG_WARN_CONSTANT_CONVERSION = YES;
				CLANG_WARN_DEPRECATED_OBJC_IMPLEMENTATIONS = YES;
				CLANG_WARN_DIRECT_OBJC_ISA_USAGE = YES_ERROR;
				CLANG_WARN_DOCUMENTATION_COMMENTS = YES;
				CLANG_WARN_EMPTY_BODY = YES;
				CLANG_WARN_ENUM_CONVERSION = YES;
				CLANG_WARN_INFINITE_RECURSION = YES;
				CLANG_WARN_INT_CONVERSION = YES;
				CLANG_WARN_NON_LITERAL_NULL_CONVERSION = YES;
				CLANG_WARN_OBJC_IMPLICIT_RETAIN_SELF = YES;
				CLANG_WARN_OBJC_LITERAL_CONVERSION = YES;
				CLANG_WARN_OBJC_ROOT_CLASS = YES_ERROR;
				CLANG_WARN_RANGE_LOOP_ANALYSIS = YES;
				CLANG_WARN_STRICT_PROTOTYPES = YES;
				CLANG_WARN_SUSPICIOUS_MOVE = YES;
				CLANG_WARN_UNGUARDED_AVAILABILITY = YES_AGGRESSIVE;
				CLANG_WARN_UNREACHABLE_CODE = YES;
				CLANG_WARN__DUPLICATE_METHOD_MATCH = YES;
				COPY_PHASE_STRIP = NO;
				DEBUG_INFORMATION_FORMAT = dwarf;
				ENABLE_STRICT_OBJC_MSGSEND = YES;
				ENABLE_TESTABILITY = YES;
				GCC_C_LANGUAGE_STANDARD = gnu11;
				GCC_DYNAMIC_NO_PIC = NO;
				GCC_NO_COMMON_BLOCKS = YES;
				GCC_OPTIMIZATION_LEVEL = 0;
				GCC_PREPROCESSOR_DEFINITIONS = (
					"DEBUG=1",
					"$(inherited)",
				);
				GCC_WARN_64_TO_32_BIT_CONVERSION = YES;
				GCC_WARN_ABOUT_RETURN_TYPE = YES_ERROR;
				GCC_WARN_UNDECLARED_SELECTOR = YES;
				GCC_WARN_UNINITIALIZED_AUTOS = YES_AGGRESSIVE;
				GCC_WARN_UNUSED_FUNCTION = YES;
				GCC_WARN_UNUSED_VARIABLE = YES;
				IPHONEOS_DEPLOYMENT_TARGET = 13.6;
				MTL_ENABLE_DEBUG_INFO = INCLUDE_SOURCE;
				MTL_FAST_MATH = YES;
				ONLY_ACTIVE_ARCH = YES;
				SDKROOT = iphoneos;
				SWIFT_ACTIVE_COMPILATION_CONDITIONS = DEBUG;
				SWIFT_OPTIMIZATION_LEVEL = "-Onone";
			};
			name = Debug;
		};
		440D15F324FC4E8C006E667F /* Release */ = {
			isa = XCBuildConfiguration;
			buildSettings = {
				ALWAYS_SEARCH_USER_PATHS = NO;
				CLANG_ANALYZER_NONNULL = YES;
				CLANG_ANALYZER_NUMBER_OBJECT_CONVERSION = YES_AGGRESSIVE;
				CLANG_CXX_LANGUAGE_STANDARD = "gnu++14";
				CLANG_CXX_LIBRARY = "libc++";
				CLANG_ENABLE_MODULES = YES;
				CLANG_ENABLE_OBJC_ARC = YES;
				CLANG_ENABLE_OBJC_WEAK = YES;
				CLANG_WARN_BLOCK_CAPTURE_AUTORELEASING = YES;
				CLANG_WARN_BOOL_CONVERSION = YES;
				CLANG_WARN_COMMA = YES;
				CLANG_WARN_CONSTANT_CONVERSION = YES;
				CLANG_WARN_DEPRECATED_OBJC_IMPLEMENTATIONS = YES;
				CLANG_WARN_DIRECT_OBJC_ISA_USAGE = YES_ERROR;
				CLANG_WARN_DOCUMENTATION_COMMENTS = YES;
				CLANG_WARN_EMPTY_BODY = YES;
				CLANG_WARN_ENUM_CONVERSION = YES;
				CLANG_WARN_INFINITE_RECURSION = YES;
				CLANG_WARN_INT_CONVERSION = YES;
				CLANG_WARN_NON_LITERAL_NULL_CONVERSION = YES;
				CLANG_WARN_OBJC_IMPLICIT_RETAIN_SELF = YES;
				CLANG_WARN_OBJC_LITERAL_CONVERSION = YES;
				CLANG_WARN_OBJC_ROOT_CLASS = YES_ERROR;
				CLANG_WARN_RANGE_LOOP_ANALYSIS = YES;
				CLANG_WARN_STRICT_PROTOTYPES = YES;
				CLANG_WARN_SUSPICIOUS_MOVE = YES;
				CLANG_WARN_UNGUARDED_AVAILABILITY = YES_AGGRESSIVE;
				CLANG_WARN_UNREACHABLE_CODE = YES;
				CLANG_WARN__DUPLICATE_METHOD_MATCH = YES;
				COPY_PHASE_STRIP = NO;
				DEBUG_INFORMATION_FORMAT = "dwarf-with-dsym";
				ENABLE_NS_ASSERTIONS = NO;
				ENABLE_STRICT_OBJC_MSGSEND = YES;
				GCC_C_LANGUAGE_STANDARD = gnu11;
				GCC_NO_COMMON_BLOCKS = YES;
				GCC_WARN_64_TO_32_BIT_CONVERSION = YES;
				GCC_WARN_ABOUT_RETURN_TYPE = YES_ERROR;
				GCC_WARN_UNDECLARED_SELECTOR = YES;
				GCC_WARN_UNINITIALIZED_AUTOS = YES_AGGRESSIVE;
				GCC_WARN_UNUSED_FUNCTION = YES;
				GCC_WARN_UNUSED_VARIABLE = YES;
				IPHONEOS_DEPLOYMENT_TARGET = 13.6;
				MTL_ENABLE_DEBUG_INFO = NO;
				MTL_FAST_MATH = YES;
				SDKROOT = iphoneos;
				SWIFT_COMPILATION_MODE = wholemodule;
				SWIFT_OPTIMIZATION_LEVEL = "-O";
				VALIDATE_PRODUCT = YES;
			};
			name = Release;
		};
		440D15F524FC4E8C006E667F /* Debug */ = {
			isa = XCBuildConfiguration;
			buildSettings = {
				ASSETCATALOG_COMPILER_APPICON_NAME = AppIcon;
				CODE_SIGN_STYLE = Automatic;
				DEVELOPMENT_ASSET_PATHS = "\"swift-covid19/Preview Content\"";
				DEVELOPMENT_TEAM = R358T89G6H;
				ENABLE_PREVIEWS = YES;
				INFOPLIST_FILE = "swift-covid19/Info.plist";
				LD_RUNPATH_SEARCH_PATHS = (
					"$(inherited)",
					"@executable_path/Frameworks",
				);
				PRODUCT_BUNDLE_IDENTIFIER = "com.blacksymphony.swift-covid19";
				PRODUCT_NAME = "$(TARGET_NAME)";
				SWIFT_VERSION = 5.0;
				TARGETED_DEVICE_FAMILY = "1,2";
			};
			name = Debug;
		};
		440D15F624FC4E8C006E667F /* Release */ = {
			isa = XCBuildConfiguration;
			buildSettings = {
				ASSETCATALOG_COMPILER_APPICON_NAME = AppIcon;
				CODE_SIGN_STYLE = Automatic;
				DEVELOPMENT_ASSET_PATHS = "\"swift-covid19/Preview Content\"";
				DEVELOPMENT_TEAM = R358T89G6H;
				ENABLE_PREVIEWS = YES;
				INFOPLIST_FILE = "swift-covid19/Info.plist";
				LD_RUNPATH_SEARCH_PATHS = (
					"$(inherited)",
					"@executable_path/Frameworks",
				);
				PRODUCT_BUNDLE_IDENTIFIER = "com.blacksymphony.swift-covid19";
				PRODUCT_NAME = "$(TARGET_NAME)";
				SWIFT_VERSION = 5.0;
				TARGETED_DEVICE_FAMILY = "1,2";
			};
			name = Release;
		};
/* End XCBuildConfiguration section */

/* Begin XCConfigurationList section */
		440D15DB24FC4E89006E667F /* Build configuration list for PBXProject "swift-covid19" */ = {
			isa = XCConfigurationList;
			buildConfigurations = (
				440D15F224FC4E8C006E667F /* Debug */,
				440D15F324FC4E8C006E667F /* Release */,
			);
			defaultConfigurationIsVisible = 0;
			defaultConfigurationName = Release;
		};
		440D15F424FC4E8C006E667F /* Build configuration list for PBXNativeTarget "swift-covid19" */ = {
			isa = XCConfigurationList;
			buildConfigurations = (
				440D15F524FC4E8C006E667F /* Debug */,
				440D15F624FC4E8C006E667F /* Release */,
			);
			defaultConfigurationIsVisible = 0;
			defaultConfigurationName = Release;
		};
/* End XCConfigurationList section */
	};
	rootObject = 440D15D824FC4E89006E667F /* Project object */;
}
