// !$*UTF8*$!
{
	archiveVersion = 1;
	classes = {
	};
	objectVersion = 55;
	objects = {

/* Begin PBXBuildFile section */
		4406750B27837CBA0012A706 /* AppDelegate.swift in Sources */ = {isa = PBXBuildFile; fileRef = 4406750A27837CBA0012A706 /* AppDelegate.swift */; };
		4406750D27837CBA0012A706 /* SceneDelegate.swift in Sources */ = {isa = PBXBuildFile; fileRef = 4406750C27837CBA0012A706 /* SceneDelegate.swift */; };
		4406750F27837CBA0012A706 /* GreetingViewController.swift in Sources */ = {isa = PBXBuildFile; fileRef = 4406750E27837CBA0012A706 /* GreetingViewController.swift */; };
		4406751227837CBA0012A706 /* Main.storyboard in Resources */ = {isa = PBXBuildFile; fileRef = 4406751027837CBA0012A706 /* Main.storyboard */; };
		4406751427837CBE0012A706 /* Assets.xcassets in Resources */ = {isa = PBXBuildFile; fileRef = 4406751327837CBE0012A706 /* Assets.xcassets */; };
		4406751727837CBE0012A706 /* LaunchScreen.storyboard in Resources */ = {isa = PBXBuildFile; fileRef = 4406751527837CBE0012A706 /* LaunchScreen.storyboard */; };
		4406752027837F710012A706 /* GreetingPresenter.swift in Sources */ = {isa = PBXBuildFile; fileRef = 4406751F27837F710012A706 /* GreetingPresenter.swift */; };
		4406752227837F8D0012A706 /* GreetingInteractor.swift in Sources */ = {isa = PBXBuildFile; fileRef = 4406752127837F8D0012A706 /* GreetingInteractor.swift */; };
		4406752427837FAF0012A706 /* GreetingAssembly.swift in Sources */ = {isa = PBXBuildFile; fileRef = 4406752327837FAF0012A706 /* GreetingAssembly.swift */; };
		44123A712784228E00A5A706 /* Person.swift in Sources */ = {isa = PBXBuildFile; fileRef = 44123A702784228E00A5A706 /* Person.swift */; };
/* End PBXBuildFile section */

/* Begin PBXFileReference section */
		4406750727837CBA0012A706 /* ViperModule.app */ = {isa = PBXFileReference; explicitFileType = wrapper.application; includeInIndex = 0; path = ViperModule.app; sourceTree = BUILT_PRODUCTS_DIR; };
		4406750A27837CBA0012A706 /* AppDelegate.swift */ = {isa = PBXFileReference; lastKnownFileType = sourcecode.swift; path = AppDelegate.swift; sourceTree = "<group>"; };
		4406750C27837CBA0012A706 /* SceneDelegate.swift */ = {isa = PBXFileReference; lastKnownFileType = sourcecode.swift; path = SceneDelegate.swift; sourceTree = "<group>"; };
		4406750E27837CBA0012A706 /* GreetingViewController.swift */ = {isa = PBXFileReference; lastKnownFileType = sourcecode.swift; path = GreetingViewController.swift; sourceTree = "<group>"; };
		4406751127837CBA0012A706 /* Base */ = {isa = PBXFileReference; lastKnownFileType = file.storyboard; name = Base; path = Base.lproj/Main.storyboard; sourceTree = "<group>"; };
		4406751327837CBE0012A706 /* Assets.xcassets */ = {isa = PBXFileReference; lastKnownFileType = folder.assetcatalog; path = Assets.xcassets; sourceTree = "<group>"; };
		4406751627837CBE0012A706 /* Base */ = {isa = PBXFileReference; lastKnownFileType = file.storyboard; name = Base; path = Base.lproj/LaunchScreen.storyboard; sourceTree = "<group>"; };
		4406751827837CBE0012A706 /* Info.plist */ = {isa = PBXFileReference; lastKnownFileType = text.plist.xml; path = Info.plist; sourceTree = "<group>"; };
		4406751F27837F710012A706 /* GreetingPresenter.swift */ = {isa = PBXFileReference; lastKnownFileType = sourcecode.swift; path = GreetingPresenter.swift; sourceTree = "<group>"; };
		4406752127837F8D0012A706 /* GreetingInteractor.swift */ = {isa = PBXFileReference; lastKnownFileType = sourcecode.swift; path = GreetingInteractor.swift; sourceTree = "<group>"; };
		4406752327837FAF0012A706 /* GreetingAssembly.swift */ = {isa = PBXFileReference; lastKnownFileType = sourcecode.swift; path = GreetingAssembly.swift; sourceTree = "<group>"; };
		44123A702784228E00A5A706 /* Person.swift */ = {isa = PBXFileReference; lastKnownFileType = sourcecode.swift; path = Person.swift; sourceTree = "<group>"; };
/* End PBXFileReference section */

/* Begin PBXFrameworksBuildPhase section */
		4406750427837CBA0012A706 /* Frameworks */ = {
			isa = PBXFrameworksBuildPhase;
			buildActionMask = 2147483647;
			files = (
			);
			runOnlyForDeploymentPostprocessing = 0;
		};
/* End PBXFrameworksBuildPhase section */

/* Begin PBXGroup section */
		440674FE27837CBA0012A706 = {
			isa = PBXGroup;
			children = (
				4406750927837CBA0012A706 /* ViperModule */,
				4406750827837CBA0012A706 /* Products */,
			);
			sourceTree = "<group>";
		};
		4406750827837CBA0012A706 /* Products */ = {
			isa = PBXGroup;
			children = (
				4406750727837CBA0012A706 /* ViperModule.app */,
			);
			name = Products;
			sourceTree = "<group>";
		};
		4406750927837CBA0012A706 /* ViperModule */ = {
			isa = PBXGroup;
			children = (
				44123A702784228E00A5A706 /* Person.swift */,
				4406751E27837D690012A706 /* Greeting */,
				4406750A27837CBA0012A706 /* AppDelegate.swift */,
				4406750C27837CBA0012A706 /* SceneDelegate.swift */,
				4406751027837CBA0012A706 /* Main.storyboard */,
				4406751327837CBE0012A706 /* Assets.xcassets */,
				4406751527837CBE0012A706 /* LaunchScreen.storyboard */,
				4406751827837CBE0012A706 /* Info.plist */,
			);
			path = ViperModule;
			sourceTree = "<group>";
		};
		4406751E27837D690012A706 /* Greeting */ = {
			isa = PBXGroup;
			children = (
				4406750E27837CBA0012A706 /* GreetingViewController.swift */,
				4406751F27837F710012A706 /* GreetingPresenter.swift */,
				4406752127837F8D0012A706 /* GreetingInteractor.swift */,
				4406752327837FAF0012A706 /* GreetingAssembly.swift */,
			);
			path = Greeting;
			sourceTree = "<group>";
		};
/* End PBXGroup section */

/* Begin PBXNativeTarget section */
		4406750627837CBA0012A706 /* ViperModule */ = {
			isa = PBXNativeTarget;
			buildConfigurationList = 4406751B27837CBE0012A706 /* Build configuration list for PBXNativeTarget "ViperModule" */;
			buildPhases = (
				4406750327837CBA0012A706 /* Sources */,
				4406750427837CBA0012A706 /* Frameworks */,
				4406750527837CBA0012A706 /* Resources */,
			);
			buildRules = (
			);
			dependencies = (
			);
			name = ViperModule;
			productName = ViperModule;
			productReference = 4406750727837CBA0012A706 /* ViperModule.app */;
			productType = "com.apple.product-type.application";
		};
/* End PBXNativeTarget section */

/* Begin PBXProject section */
		440674FF27837CBA0012A706 /* Project object */ = {
			isa = PBXProject;
			attributes = {
				BuildIndependentTargetsInParallel = 1;
				LastSwiftUpdateCheck = 1310;
				LastUpgradeCheck = 1310;
				TargetAttributes = {
					4406750627837CBA0012A706 = {
						CreatedOnToolsVersion = 13.1;
					};
				};
			};
			buildConfigurationList = 4406750227837CBA0012A706 /* Build configuration list for PBXProject "ViperModule" */;
			compatibilityVersion = "Xcode 13.0";
			developmentRegion = en;
			hasScannedForEncodings = 0;
			knownRegions = (
				en,
				Base,
			);
			mainGroup = 440674FE27837CBA0012A706;
			productRefGroup = 4406750827837CBA0012A706 /* Products */;
			projectDirPath = "";
			projectRoot = "";
			targets = (
				4406750627837CBA0012A706 /* ViperModule */,
			);
		};
/* End PBXProject section */

/* Begin PBXResourcesBuildPhase section */
		4406750527837CBA0012A706 /* Resources */ = {
			isa = PBXResourcesBuildPhase;
			buildActionMask = 2147483647;
			files = (
				4406751727837CBE0012A706 /* LaunchScreen.storyboard in Resources */,
				4406751427837CBE0012A706 /* Assets.xcassets in Resources */,
				4406751227837CBA0012A706 /* Main.storyboard in Resources */,
			);
			runOnlyForDeploymentPostprocessing = 0;
		};
/* End PBXResourcesBuildPhase section */

/* Begin PBXSourcesBuildPhase section */
		4406750327837CBA0012A706 /* Sources */ = {
			isa = PBXSourcesBuildPhase;
			buildActionMask = 2147483647;
			files = (
				4406750F27837CBA0012A706 /* GreetingViewController.swift in Sources */,
				4406750B27837CBA0012A706 /* AppDelegate.swift in Sources */,
				4406750D27837CBA0012A706 /* SceneDelegate.swift in Sources */,
				4406752027837F710012A706 /* GreetingPresenter.swift in Sources */,
				44123A712784228E00A5A706 /* Person.swift in Sources */,
				4406752427837FAF0012A706 /* GreetingAssembly.swift in Sources */,
				4406752227837F8D0012A706 /* GreetingInteractor.swift in Sources */,
			);
			runOnlyForDeploymentPostprocessing = 0;
		};
/* End PBXSourcesBuildPhase section */

/* Begin PBXVariantGroup section */
		4406751027837CBA0012A706 /* Main.storyboard */ = {
			isa = PBXVariantGroup;
			children = (
				4406751127837CBA0012A706 /* Base */,
			);
			name = Main.storyboard;
			sourceTree = "<group>";
		};
		4406751527837CBE0012A706 /* LaunchScreen.storyboard */ = {
			isa = PBXVariantGroup;
			children = (
				4406751627837CBE0012A706 /* Base */,
			);
			name = LaunchScreen.storyboard;
			sourceTree = "<group>";
		};
/* End PBXVariantGroup section */

/* Begin XCBuildConfiguration section */
		4406751927837CBE0012A706 /* Debug */ = {
			isa = XCBuildConfiguration;
			buildSettings = {
				ALWAYS_SEARCH_USER_PATHS = NO;
				CLANG_ANALYZER_NONNULL = YES;
				CLANG_ANALYZER_NUMBER_OBJECT_CONVERSION = YES_AGGRESSIVE;
				CLANG_CXX_LANGUAGE_STANDARD = "gnu++17";
				CLANG_CXX_LIBRARY = "libc++";
				CLANG_ENABLE_MODULES = YES;
				CLANG_ENABLE_OBJC_ARC = YES;
				CLANG_ENABLE_OBJC_WEAK = YES;
				CLANG_WARN_BLOCK_CAPTURE_AUTORELEASING = YES;
				CLANG_WARN_BOOL_CONVERSION = YES;
				CLANG_WARN_COMMA = YES;
				CLANG_WARN_CONSTANT_CONVERSION = YES;
				CLANG_WARN_DEPRECATED_OBJC_IMPLEMENTATIONS = YES;
				CLANG_WARN_DIRECT_OBJC_ISA_USAGE = YES_ERROR;
				CLANG_WARN_DOCUMENTATION_COMMENTS = YES;
				CLANG_WARN_EMPTY_BODY = YES;
				CLANG_WARN_ENUM_CONVERSION = YES;
				CLANG_WARN_INFINITE_RECURSION = YES;
				CLANG_WARN_INT_CONVERSION = YES;
				CLANG_WARN_NON_LITERAL_NULL_CONVERSION = YES;
				CLANG_WARN_OBJC_IMPLICIT_RETAIN_SELF = YES;
				CLANG_WARN_OBJC_LITERAL_CONVERSION = YES;
				CLANG_WARN_OBJC_ROOT_CLASS = YES_ERROR;
				CLANG_WARN_QUOTED_INCLUDE_IN_FRAMEWORK_HEADER = YES;
				CLANG_WARN_RANGE_LOOP_ANALYSIS = YES;
				CLANG_WARN_STRICT_PROTOTYPES = YES;
				CLANG_WARN_SUSPICIOUS_MOVE = YES;
				CLANG_WARN_UNGUARDED_AVAILABILITY = YES_AGGRESSIVE;
				CLANG_WARN_UNREACHABLE_CODE = YES;
				CLANG_WARN__DUPLICATE_METHOD_MATCH = YES;
				COPY_PHASE_STRIP = NO;
				DEBUG_INFORMATION_FORMAT = dwarf;
				ENABLE_STRICT_OBJC_MSGSEND = YES;
				ENABLE_TESTABILITY = YES;
				GCC_C_LANGUAGE_STANDARD = gnu11;
				GCC_DYNAMIC_NO_PIC = NO;
				GCC_NO_COMMON_BLOCKS = YES;
				GCC_OPTIMIZATION_LEVEL = 0;
				GCC_PREPROCESSOR_DEFINITIONS = (
					"DEBUG=1",
					"$(inherited)",
				);
				GCC_WARN_64_TO_32_BIT_CONVERSION = YES;
				GCC_WARN_ABOUT_RETURN_TYPE = YES_ERROR;
				GCC_WARN_UNDECLARED_SELECTOR = YES;
				GCC_WARN_UNINITIALIZED_AUTOS = YES_AGGRESSIVE;
				GCC_WARN_UNUSED_FUNCTION = YES;
				GCC_WARN_UNUSED_VARIABLE = YES;
				IPHONEOS_DEPLOYMENT_TARGET = 15.0;
				MTL_ENABLE_DEBUG_INFO = INCLUDE_SOURCE;
				MTL_FAST_MATH = YES;
				ONLY_ACTIVE_ARCH = YES;
				SDKROOT = iphoneos;
				SWIFT_ACTIVE_COMPILATION_CONDITIONS = DEBUG;
				SWIFT_OPTIMIZATION_LEVEL = "-Onone";
			};
			name = Debug;
		};
		4406751A27837CBE0012A706 /* Release */ = {
			isa = XCBuildConfiguration;
			buildSettings = {
				ALWAYS_SEARCH_USER_PATHS = NO;
				CLANG_ANALYZER_NONNULL = YES;
				CLANG_ANALYZER_NUMBER_OBJECT_CONVERSION = YES_AGGRESSIVE;
				CLANG_CXX_LANGUAGE_STANDARD = "gnu++17";
				CLANG_CXX_LIBRARY = "libc++";
				CLANG_ENABLE_MODULES = YES;
				CLANG_ENABLE_OBJC_ARC = YES;
				CLANG_ENABLE_OBJC_WEAK = YES;
				CLANG_WARN_BLOCK_CAPTURE_AUTORELEASING = YES;
				CLANG_WARN_BOOL_CONVERSION = YES;
				CLANG_WARN_COMMA = YES;
				CLANG_WARN_CONSTANT_CONVERSION = YES;
				CLANG_WARN_DEPRECATED_OBJC_IMPLEMENTATIONS = YES;
				CLANG_WARN_DIRECT_OBJC_ISA_USAGE = YES_ERROR;
				CLANG_WARN_DOCUMENTATION_COMMENTS = YES;
				CLANG_WARN_EMPTY_BODY = YES;
				CLANG_WARN_ENUM_CONVERSION = YES;
				CLANG_WARN_INFINITE_RECURSION = YES;
				CLANG_WARN_INT_CONVERSION = YES;
				CLANG_WARN_NON_LITERAL_NULL_CONVERSION = YES;
				CLANG_WARN_OBJC_IMPLICIT_RETAIN_SELF = YES;
				CLANG_WARN_OBJC_LITERAL_CONVERSION = YES;
				CLANG_WARN_OBJC_ROOT_CLASS = YES_ERROR;
				CLANG_WARN_QUOTED_INCLUDE_IN_FRAMEWORK_HEADER = YES;
				CLANG_WARN_RANGE_LOOP_ANALYSIS = YES;
				CLANG_WARN_STRICT_PROTOTYPES = YES;
				CLANG_WARN_SUSPICIOUS_MOVE = YES;
				CLANG_WARN_UNGUARDED_AVAILABILITY = YES_AGGRESSIVE;
				CLANG_WARN_UNREACHABLE_CODE = YES;
				CLANG_WARN__DUPLICATE_METHOD_MATCH = YES;
				COPY_PHASE_STRIP = NO;
				DEBUG_INFORMATION_FORMAT = "dwarf-with-dsym";
				ENABLE_NS_ASSERTIONS = NO;
				ENABLE_STRICT_OBJC_MSGSEND = YES;
				GCC_C_LANGUAGE_STANDARD = gnu11;
				GCC_NO_COMMON_BLOCKS = YES;
				GCC_WARN_64_TO_32_BIT_CONVERSION = YES;
				GCC_WARN_ABOUT_RETURN_TYPE = YES_ERROR;
				GCC_WARN_UNDECLARED_SELECTOR = YES;
				GCC_WARN_UNINITIALIZED_AUTOS = YES_AGGRESSIVE;
				GCC_WARN_UNUSED_FUNCTION = YES;
				GCC_WARN_UNUSED_VARIABLE = YES;
				IPHONEOS_DEPLOYMENT_TARGET = 15.0;
				MTL_ENABLE_DEBUG_INFO = NO;
				MTL_FAST_MATH = YES;
				SDKROOT = iphoneos;
				SWIFT_COMPILATION_MODE = wholemodule;
				SWIFT_OPTIMIZATION_LEVEL = "-O";
				VALIDATE_PRODUCT = YES;
			};
			name = Release;
		};
		4406751C27837CBE0012A706 /* Debug */ = {
			isa = XCBuildConfiguration;
			buildSettings = {
				ASSETCATALOG_COMPILER_APPICON_NAME = AppIcon;
				ASSETCATALOG_COMPILER_GLOBAL_ACCENT_COLOR_NAME = AccentColor;
				CODE_SIGN_STYLE = Automatic;
				CURRENT_PROJECT_VERSION = 1;
				GENERATE_INFOPLIST_FILE = YES;
				INFOPLIST_FILE = ViperModule/Info.plist;
				INFOPLIST_KEY_UIApplicationSupportsIndirectInputEvents = YES;
				INFOPLIST_KEY_UILaunchStoryboardName = LaunchScreen;
				INFOPLIST_KEY_UIMainStoryboardFile = Main;
				INFOPLIST_KEY_UISupportedInterfaceOrientations_iPad = "UIInterfaceOrientationPortrait UIInterfaceOrientationPortraitUpsideDown UIInterfaceOrientationLandscapeLeft UIInterfaceOrientationLandscapeRight";
				INFOPLIST_KEY_UISupportedInterfaceOrientations_iPhone = "UIInterfaceOrientationPortrait UIInterfaceOrientationLandscapeLeft UIInterfaceOrientationLandscapeRight";
				LD_RUNPATH_SEARCH_PATHS = (
					"$(inherited)",
					"@executable_path/Frameworks",
				);
				MARKETING_VERSION = 1.0;
				PRODUCT_BUNDLE_IDENTIFIER = vshapovalov.ViperModule;
				PRODUCT_NAME = "$(TARGET_NAME)";
				SWIFT_EMIT_LOC_STRINGS = YES;
				SWIFT_VERSION = 5.0;
				TARGETED_DEVICE_FAMILY = "1,2";
			};
			name = Debug;
		};
		4406751D27837CBE0012A706 /* Release */ = {
			isa = XCBuildConfiguration;
			buildSettings = {
				ASSETCATALOG_COMPILER_APPICON_NAME = AppIcon;
				ASSETCATALOG_COMPILER_GLOBAL_ACCENT_COLOR_NAME = AccentColor;
				CODE_SIGN_STYLE = Automatic;
				CURRENT_PROJECT_VERSION = 1;
				GENERATE_INFOPLIST_FILE = YES;
				INFOPLIST_FILE = ViperModule/Info.plist;
				INFOPLIST_KEY_UIApplicationSupportsIndirectInputEvents = YES;
				INFOPLIST_KEY_UILaunchStoryboardName = LaunchScreen;
				INFOPLIST_KEY_UIMainStoryboardFile = Main;
				INFOPLIST_KEY_UISupportedInterfaceOrientations_iPad = "UIInterfaceOrientationPortrait UIInterfaceOrientationPortraitUpsideDown UIInterfaceOrientationLandscapeLeft UIInterfaceOrientationLandscapeRight";
				INFOPLIST_KEY_UISupportedInterfaceOrientations_iPhone = "UIInterfaceOrientationPortrait UIInterfaceOrientationLandscapeLeft UIInterfaceOrientationLandscapeRight";
				LD_RUNPATH_SEARCH_PATHS = (
					"$(inherited)",
					"@executable_path/Frameworks",
				);
				MARKETING_VERSION = 1.0;
				PRODUCT_BUNDLE_IDENTIFIER = vshapovalov.ViperModule;
				PRODUCT_NAME = "$(TARGET_NAME)";
				SWIFT_EMIT_LOC_STRINGS = YES;
				SWIFT_VERSION = 5.0;
				TARGETED_DEVICE_FAMILY = "1,2";
			};
			name = Release;
		};
/* End XCBuildConfiguration section */

/* Begin XCConfigurationList section */
		4406750227837CBA0012A706 /* Build configuration list for PBXProject "ViperModule" */ = {
			isa = XCConfigurationList;
			buildConfigurations = (
				4406751927837CBE0012A706 /* Debug */,
				4406751A27837CBE0012A706 /* Release */,
			);
			defaultConfigurationIsVisible = 0;
			defaultConfigurationName = Release;
		};
		4406751B27837CBE0012A706 /* Build configuration list for PBXNativeTarget "ViperModule" */ = {
			isa = XCConfigurationList;
			buildConfigurations = (
				4406751C27837CBE0012A706 /* Debug */,
				4406751D27837CBE0012A706 /* Release */,
			);
			defaultConfigurationIsVisible = 0;
			defaultConfigurationName = Release;
		};
/* End XCConfigurationList section */
	};
	rootObject = 440674FF27837CBA0012A706 /* Project object */;
}
