PODS:
  - Spring (1.0.9)

DEPENDENCIES:
  - Spring (from `https://github.com/LexDeBash/Spring.git`)

EXTERNAL SOURCES:
  Spring:
    :git: https://github.com/LexDeBash/Spring.git

CHECKOUT OPTIONS:
  Spring:
    :commit: 053e7d2ba3106aaebbbc29c6c27075dcc8dbef92
    :git: https://github.com/LexDeBash/Spring.git

SPEC CHECKSUMS:
  Spring: 3e8b7d144afa52f26cf1ddba349812388de6ceb7

PODFILE CHECKSUM: 8aa0db4e65bf4d11c103f0166f19386c5497e2ce

COCOAPODS: 1.11.2
