// !$*UTF8*$!
{
	archiveVersion = 1;
	classes = {
	};
	objectVersion = 50;
	objects = {

/* Begin PBXBuildFile section */
		443CDFE22532015D00D21DC3 /* Calculator.png in Resources */ = {isa = PBXBuildFile; fileRef = 443CDFE12532015D00D21DC3 /* Calculator.png */; };
		443CDFE7253205C100D21DC3 /* quicksand-bold.otf in Resources */ = {isa = PBXBuildFile; fileRef = 443CDFE4253205C100D21DC3 /* quicksand-bold.otf */; };
		443CDFE8253205C100D21DC3 /* quicksand-book.otf in Resources */ = {isa = PBXBuildFile; fileRef = 443CDFE5253205C100D21DC3 /* quicksand-book.otf */; };
		443CDFE9253205C100D21DC3 /* quicksand-light.otf in Resources */ = {isa = PBXBuildFile; fileRef = 443CDFE6253205C100D21DC3 /* quicksand-light.otf */; };
		44E8A746252FBD250080CACA /* AppDelegate.swift in Sources */ = {isa = PBXBuildFile; fileRef = 44E8A745252FBD250080CACA /* AppDelegate.swift */; };
		44E8A748252FBD250080CACA /* SceneDelegate.swift in Sources */ = {isa = PBXBuildFile; fileRef = 44E8A747252FBD250080CACA /* SceneDelegate.swift */; };
		44E8A74A252FBD250080CACA /* CalculatorViewController.swift in Sources */ = {isa = PBXBuildFile; fileRef = 44E8A749252FBD250080CACA /* CalculatorViewController.swift */; };
		44E8A74D252FBD250080CACA /* Main.storyboard in Resources */ = {isa = PBXBuildFile; fileRef = 44E8A74B252FBD250080CACA /* Main.storyboard */; };
		44E8A74F252FBD270080CACA /* Assets.xcassets in Resources */ = {isa = PBXBuildFile; fileRef = 44E8A74E252FBD270080CACA /* Assets.xcassets */; };
		44E8A752252FBD270080CACA /* LaunchScreen.storyboard in Resources */ = {isa = PBXBuildFile; fileRef = 44E8A750252FBD270080CACA /* LaunchScreen.storyboard */; };
		44F4B3312538CC1200D29B3E /* Test.storyboard in Resources */ = {isa = PBXBuildFile; fileRef = 44F4B3302538CC1200D29B3E /* Test.storyboard */; };
/* End PBXBuildFile section */

/* Begin PBXFileReference section */
		443CDFE12532015D00D21DC3 /* Calculator.png */ = {isa = PBXFileReference; lastKnownFileType = image.png; path = Calculator.png; sourceTree = "<group>"; };
		443CDFE4253205C100D21DC3 /* quicksand-bold.otf */ = {isa = PBXFileReference; lastKnownFileType = file; path = "quicksand-bold.otf"; sourceTree = "<group>"; };
		443CDFE5253205C100D21DC3 /* quicksand-book.otf */ = {isa = PBXFileReference; lastKnownFileType = file; path = "quicksand-book.otf"; sourceTree = "<group>"; };
		443CDFE6253205C100D21DC3 /* quicksand-light.otf */ = {isa = PBXFileReference; lastKnownFileType = file; path = "quicksand-light.otf"; sourceTree = "<group>"; };
		44E8A742252FBD250080CACA /* calculator.app */ = {isa = PBXFileReference; explicitFileType = wrapper.application; includeInIndex = 0; path = calculator.app; sourceTree = BUILT_PRODUCTS_DIR; };
		44E8A745252FBD250080CACA /* AppDelegate.swift */ = {isa = PBXFileReference; lastKnownFileType = sourcecode.swift; path = AppDelegate.swift; sourceTree = "<group>"; };
		44E8A747252FBD250080CACA /* SceneDelegate.swift */ = {isa = PBXFileReference; lastKnownFileType = sourcecode.swift; path = SceneDelegate.swift; sourceTree = "<group>"; };
		44E8A749252FBD250080CACA /* CalculatorViewController.swift */ = {isa = PBXFileReference; lastKnownFileType = sourcecode.swift; path = CalculatorViewController.swift; sourceTree = "<group>"; };
		44E8A74C252FBD250080CACA /* Base */ = {isa = PBXFileReference; lastKnownFileType = file.storyboard; name = Base; path = Base.lproj/Main.storyboard; sourceTree = "<group>"; };
		44E8A74E252FBD270080CACA /* Assets.xcassets */ = {isa = PBXFileReference; lastKnownFileType = folder.assetcatalog; path = Assets.xcassets; sourceTree = "<group>"; };
		44E8A751252FBD270080CACA /* Base */ = {isa = PBXFileReference; lastKnownFileType = file.storyboard; name = Base; path = Base.lproj/LaunchScreen.storyboard; sourceTree = "<group>"; };
		44E8A753252FBD270080CACA /* Info.plist */ = {isa = PBXFileReference; lastKnownFileType = text.plist.xml; path = Info.plist; sourceTree = "<group>"; };
		44F4B3302538CC1200D29B3E /* Test.storyboard */ = {isa = PBXFileReference; lastKnownFileType = file.storyboard; path = Test.storyboard; sourceTree = "<group>"; };
/* End PBXFileReference section */

/* Begin PBXFrameworksBuildPhase section */
		44E8A73F252FBD250080CACA /* Frameworks */ = {
			isa = PBXFrameworksBuildPhase;
			buildActionMask = 2147483647;
			files = (
			);
			runOnlyForDeploymentPostprocessing = 0;
		};
/* End PBXFrameworksBuildPhase section */

/* Begin PBXGroup section */
		443CDFE02532015D00D21DC3 /* Screenshots */ = {
			isa = PBXGroup;
			children = (
				443CDFE12532015D00D21DC3 /* Calculator.png */,
			);
			path = Screenshots;
			sourceTree = "<group>";
		};
		443CDFE3253205C100D21DC3 /* Fonts */ = {
			isa = PBXGroup;
			children = (
				443CDFE4253205C100D21DC3 /* quicksand-bold.otf */,
				443CDFE5253205C100D21DC3 /* quicksand-book.otf */,
				443CDFE6253205C100D21DC3 /* quicksand-light.otf */,
			);
			path = Fonts;
			sourceTree = "<group>";
		};
		44E8A739252FBD250080CACA = {
			isa = PBXGroup;
			children = (
				44E8A744252FBD250080CACA /* calculator */,
				44E8A743252FBD250080CACA /* Products */,
			);
			sourceTree = "<group>";
		};
		44E8A743252FBD250080CACA /* Products */ = {
			isa = PBXGroup;
			children = (
				44E8A742252FBD250080CACA /* calculator.app */,
			);
			name = Products;
			sourceTree = "<group>";
		};
		44E8A744252FBD250080CACA /* calculator */ = {
			isa = PBXGroup;
			children = (
				443CDFE3253205C100D21DC3 /* Fonts */,
				443CDFE02532015D00D21DC3 /* Screenshots */,
				44E8A75C252FC19A0080CACA /* Controller */,
				44E8A75B252FC1900080CACA /* Model */,
				44E8A759252FC0B50080CACA /* Supporting Files */,
				44E8A749252FBD250080CACA /* CalculatorViewController.swift */,
				44E8A74B252FBD250080CACA /* Main.storyboard */,
				44F4B3302538CC1200D29B3E /* Test.storyboard */,
				44E8A753252FBD270080CACA /* Info.plist */,
			);
			path = calculator;
			sourceTree = "<group>";
		};
		44E8A759252FC0B50080CACA /* Supporting Files */ = {
			isa = PBXGroup;
			children = (
				44E8A745252FBD250080CACA /* AppDelegate.swift */,
				44E8A747252FBD250080CACA /* SceneDelegate.swift */,
				44E8A74E252FBD270080CACA /* Assets.xcassets */,
				44E8A750252FBD270080CACA /* LaunchScreen.storyboard */,
			);
			path = "Supporting Files";
			sourceTree = "<group>";
		};
		44E8A75B252FC1900080CACA /* Model */ = {
			isa = PBXGroup;
			children = (
			);
			path = Model;
			sourceTree = "<group>";
		};
		44E8A75C252FC19A0080CACA /* Controller */ = {
			isa = PBXGroup;
			children = (
			);
			path = Controller;
			sourceTree = "<group>";
		};
/* End PBXGroup section */

/* Begin PBXNativeTarget section */
		44E8A741252FBD250080CACA /* calculator */ = {
			isa = PBXNativeTarget;
			buildConfigurationList = 44E8A756252FBD270080CACA /* Build configuration list for PBXNativeTarget "calculator" */;
			buildPhases = (
				44E8A73E252FBD250080CACA /* Sources */,
				44E8A73F252FBD250080CACA /* Frameworks */,
				44E8A740252FBD250080CACA /* Resources */,
			);
			buildRules = (
			);
			dependencies = (
			);
			name = calculator;
			productName = calculator;
			productReference = 44E8A742252FBD250080CACA /* calculator.app */;
			productType = "com.apple.product-type.application";
		};
/* End PBXNativeTarget section */

/* Begin PBXProject section */
		44E8A73A252FBD250080CACA /* Project object */ = {
			isa = PBXProject;
			attributes = {
				LastSwiftUpdateCheck = 1160;
				LastUpgradeCheck = 1160;
				ORGANIZATIONNAME = "Виталий Шаповалов";
				TargetAttributes = {
					44E8A741252FBD250080CACA = {
						CreatedOnToolsVersion = 11.6;
					};
				};
			};
			buildConfigurationList = 44E8A73D252FBD250080CACA /* Build configuration list for PBXProject "calculator" */;
			compatibilityVersion = "Xcode 9.3";
			developmentRegion = en;
			hasScannedForEncodings = 0;
			knownRegions = (
				en,
				Base,
			);
			mainGroup = 44E8A739252FBD250080CACA;
			productRefGroup = 44E8A743252FBD250080CACA /* Products */;
			projectDirPath = "";
			projectRoot = "";
			targets = (
				44E8A741252FBD250080CACA /* calculator */,
			);
		};
/* End PBXProject section */

/* Begin PBXResourcesBuildPhase section */
		44E8A740252FBD250080CACA /* Resources */ = {
			isa = PBXResourcesBuildPhase;
			buildActionMask = 2147483647;
			files = (
				443CDFE8253205C100D21DC3 /* quicksand-book.otf in Resources */,
				44E8A752252FBD270080CACA /* LaunchScreen.storyboard in Resources */,
				44E8A74F252FBD270080CACA /* Assets.xcassets in Resources */,
				443CDFE9253205C100D21DC3 /* quicksand-light.otf in Resources */,
				443CDFE22532015D00D21DC3 /* Calculator.png in Resources */,
				443CDFE7253205C100D21DC3 /* quicksand-bold.otf in Resources */,
				44F4B3312538CC1200D29B3E /* Test.storyboard in Resources */,
				44E8A74D252FBD250080CACA /* Main.storyboard in Resources */,
			);
			runOnlyForDeploymentPostprocessing = 0;
		};
/* End PBXResourcesBuildPhase section */

/* Begin PBXSourcesBuildPhase section */
		44E8A73E252FBD250080CACA /* Sources */ = {
			isa = PBXSourcesBuildPhase;
			buildActionMask = 2147483647;
			files = (
				44E8A74A252FBD250080CACA /* CalculatorViewController.swift in Sources */,
				44E8A746252FBD250080CACA /* AppDelegate.swift in Sources */,
				44E8A748252FBD250080CACA /* SceneDelegate.swift in Sources */,
			);
			runOnlyForDeploymentPostprocessing = 0;
		};
/* End PBXSourcesBuildPhase section */

/* Begin PBXVariantGroup section */
		44E8A74B252FBD250080CACA /* Main.storyboard */ = {
			isa = PBXVariantGroup;
			children = (
				44E8A74C252FBD250080CACA /* Base */,
			);
			name = Main.storyboard;
			sourceTree = "<group>";
		};
		44E8A750252FBD270080CACA /* LaunchScreen.storyboard */ = {
			isa = PBXVariantGroup;
			children = (
				44E8A751252FBD270080CACA /* Base */,
			);
			name = LaunchScreen.storyboard;
			sourceTree = "<group>";
		};
/* End PBXVariantGroup section */

/* Begin XCBuildConfiguration section */
		44E8A754252FBD270080CACA /* Debug */ = {
			isa = XCBuildConfiguration;
			buildSettings = {
				ALWAYS_SEARCH_USER_PATHS = NO;
				CLANG_ANALYZER_NONNULL = YES;
				CLANG_ANALYZER_NUMBER_OBJECT_CONVERSION = YES_AGGRESSIVE;
				CLANG_CXX_LANGUAGE_STANDARD = "gnu++14";
				CLANG_CXX_LIBRARY = "libc++";
				CLANG_ENABLE_MODULES = YES;
				CLANG_ENABLE_OBJC_ARC = YES;
				CLANG_ENABLE_OBJC_WEAK = YES;
				CLANG_WARN_BLOCK_CAPTURE_AUTORELEASING = YES;
				CLANG_WARN_BOOL_CONVERSION = YES;
				CLANG_WARN_COMMA = YES;
				CLANG_WARN_CONSTANT_CONVERSION = YES;
				CLANG_WARN_DEPRECATED_OBJC_IMPLEMENTATIONS = YES;
				CLANG_WARN_DIRECT_OBJC_ISA_USAGE = YES_ERROR;
				CLANG_WARN_DOCUMENTATION_COMMENTS = YES;
				CLANG_WARN_EMPTY_BODY = YES;
				CLANG_WARN_ENUM_CONVERSION = YES;
				CLANG_WARN_INFINITE_RECURSION = YES;
				CLANG_WARN_INT_CONVERSION = YES;
				CLANG_WARN_NON_LITERAL_NULL_CONVERSION = YES;
				CLANG_WARN_OBJC_IMPLICIT_RETAIN_SELF = YES;
				CLANG_WARN_OBJC_LITERAL_CONVERSION = YES;
				CLANG_WARN_OBJC_ROOT_CLASS = YES_ERROR;
				CLANG_WARN_RANGE_LOOP_ANALYSIS = YES;
				CLANG_WARN_STRICT_PROTOTYPES = YES;
				CLANG_WARN_SUSPICIOUS_MOVE = YES;
				CLANG_WARN_UNGUARDED_AVAILABILITY = YES_AGGRESSIVE;
				CLANG_WARN_UNREACHABLE_CODE = YES;
				CLANG_WARN__DUPLICATE_METHOD_MATCH = YES;
				COPY_PHASE_STRIP = NO;
				DEBUG_INFORMATION_FORMAT = dwarf;
				ENABLE_STRICT_OBJC_MSGSEND = YES;
				ENABLE_TESTABILITY = YES;
				GCC_C_LANGUAGE_STANDARD = gnu11;
				GCC_DYNAMIC_NO_PIC = NO;
				GCC_NO_COMMON_BLOCKS = YES;
				GCC_OPTIMIZATION_LEVEL = 0;
				GCC_PREPROCESSOR_DEFINITIONS = (
					"DEBUG=1",
					"$(inherited)",
				);
				GCC_WARN_64_TO_32_BIT_CONVERSION = YES;
				GCC_WARN_ABOUT_RETURN_TYPE = YES_ERROR;
				GCC_WARN_UNDECLARED_SELECTOR = YES;
				GCC_WARN_UNINITIALIZED_AUTOS = YES_AGGRESSIVE;
				GCC_WARN_UNUSED_FUNCTION = YES;
				GCC_WARN_UNUSED_VARIABLE = YES;
				IPHONEOS_DEPLOYMENT_TARGET = 13.6;
				MTL_ENABLE_DEBUG_INFO = INCLUDE_SOURCE;
				MTL_FAST_MATH = YES;
				ONLY_ACTIVE_ARCH = YES;
				SDKROOT = iphoneos;
				SWIFT_ACTIVE_COMPILATION_CONDITIONS = DEBUG;
				SWIFT_OPTIMIZATION_LEVEL = "-Onone";
			};
			name = Debug;
		};
		44E8A755252FBD270080CACA /* Release */ = {
			isa = XCBuildConfiguration;
			buildSettings = {
				ALWAYS_SEARCH_USER_PATHS = NO;
				CLANG_ANALYZER_NONNULL = YES;
				CLANG_ANALYZER_NUMBER_OBJECT_CONVERSION = YES_AGGRESSIVE;
				CLANG_CXX_LANGUAGE_STANDARD = "gnu++14";
				CLANG_CXX_LIBRARY = "libc++";
				CLANG_ENABLE_MODULES = YES;
				CLANG_ENABLE_OBJC_ARC = YES;
				CLANG_ENABLE_OBJC_WEAK = YES;
				CLANG_WARN_BLOCK_CAPTURE_AUTORELEASING = YES;
				CLANG_WARN_BOOL_CONVERSION = YES;
				CLANG_WARN_COMMA = YES;
				CLANG_WARN_CONSTANT_CONVERSION = YES;
				CLANG_WARN_DEPRECATED_OBJC_IMPLEMENTATIONS = YES;
				CLANG_WARN_DIRECT_OBJC_ISA_USAGE = YES_ERROR;
				CLANG_WARN_DOCUMENTATION_COMMENTS = YES;
				CLANG_WARN_EMPTY_BODY = YES;
				CLANG_WARN_ENUM_CONVERSION = YES;
				CLANG_WARN_INFINITE_RECURSION = YES;
				CLANG_WARN_INT_CONVERSION = YES;
				CLANG_WARN_NON_LITERAL_NULL_CONVERSION = YES;
				CLANG_WARN_OBJC_IMPLICIT_RETAIN_SELF = YES;
				CLANG_WARN_OBJC_LITERAL_CONVERSION = YES;
				CLANG_WARN_OBJC_ROOT_CLASS = YES_ERROR;
				CLANG_WARN_RANGE_LOOP_ANALYSIS = YES;
				CLANG_WARN_STRICT_PROTOTYPES = YES;
				CLANG_WARN_SUSPICIOUS_MOVE = YES;
				CLANG_WARN_UNGUARDED_AVAILABILITY = YES_AGGRESSIVE;
				CLANG_WARN_UNREACHABLE_CODE = YES;
				CLANG_WARN__DUPLICATE_METHOD_MATCH = YES;
				COPY_PHASE_STRIP = NO;
				DEBUG_INFORMATION_FORMAT = "dwarf-with-dsym";
				ENABLE_NS_ASSERTIONS = NO;
				ENABLE_STRICT_OBJC_MSGSEND = YES;
				GCC_C_LANGUAGE_STANDARD = gnu11;
				GCC_NO_COMMON_BLOCKS = YES;
				GCC_WARN_64_TO_32_BIT_CONVERSION = YES;
				GCC_WARN_ABOUT_RETURN_TYPE = YES_ERROR;
				GCC_WARN_UNDECLARED_SELECTOR = YES;
				GCC_WARN_UNINITIALIZED_AUTOS = YES_AGGRESSIVE;
				GCC_WARN_UNUSED_FUNCTION = YES;
				GCC_WARN_UNUSED_VARIABLE = YES;
				IPHONEOS_DEPLOYMENT_TARGET = 13.6;
				MTL_ENABLE_DEBUG_INFO = NO;
				MTL_FAST_MATH = YES;
				SDKROOT = iphoneos;
				SWIFT_COMPILATION_MODE = wholemodule;
				SWIFT_OPTIMIZATION_LEVEL = "-O";
				VALIDATE_PRODUCT = YES;
			};
			name = Release;
		};
		44E8A757252FBD270080CACA /* Debug */ = {
			isa = XCBuildConfiguration;
			buildSettings = {
				ASSETCATALOG_COMPILER_APPICON_NAME = AppIcon;
				CODE_SIGN_STYLE = Automatic;
				DEVELOPMENT_TEAM = R358T89G6H;
				INFOPLIST_FILE = calculator/Info.plist;
				LD_RUNPATH_SEARCH_PATHS = (
					"$(inherited)",
					"@executable_path/Frameworks",
				);
				PRODUCT_BUNDLE_IDENTIFIER = com.blacksymphony.calculator;
				PRODUCT_NAME = "$(TARGET_NAME)";
				SWIFT_VERSION = 5.0;
				TARGETED_DEVICE_FAMILY = "1,2";
			};
			name = Debug;
		};
		44E8A758252FBD270080CACA /* Release */ = {
			isa = XCBuildConfiguration;
			buildSettings = {
				ASSETCATALOG_COMPILER_APPICON_NAME = AppIcon;
				CODE_SIGN_STYLE = Automatic;
				DEVELOPMENT_TEAM = R358T89G6H;
				INFOPLIST_FILE = calculator/Info.plist;
				LD_RUNPATH_SEARCH_PATHS = (
					"$(inherited)",
					"@executable_path/Frameworks",
				);
				PRODUCT_BUNDLE_IDENTIFIER = com.blacksymphony.calculator;
				PRODUCT_NAME = "$(TARGET_NAME)";
				SWIFT_VERSION = 5.0;
				TARGETED_DEVICE_FAMILY = "1,2";
			};
			name = Release;
		};
/* End XCBuildConfiguration section */

/* Begin XCConfigurationList section */
		44E8A73D252FBD250080CACA /* Build configuration list for PBXProject "calculator" */ = {
			isa = XCConfigurationList;
			buildConfigurations = (
				44E8A754252FBD270080CACA /* Debug */,
				44E8A755252FBD270080CACA /* Release */,
			);
			defaultConfigurationIsVisible = 0;
			defaultConfigurationName = Release;
		};
		44E8A756252FBD270080CACA /* Build configuration list for PBXNativeTarget "calculator" */ = {
			isa = XCConfigurationList;
			buildConfigurations = (
				44E8A757252FBD270080CACA /* Debug */,
				44E8A758252FBD270080CACA /* Release */,
			);
			defaultConfigurationIsVisible = 0;
			defaultConfigurationName = Release;
		};
/* End XCConfigurationList section */
	};
	rootObject = 44E8A73A252FBD250080CACA /* Project object */;
}
