// !$*UTF8*$!
{
	archiveVersion = 1;
	classes = {
	};
	objectVersion = 50;
	objects = {

/* Begin PBXBuildFile section */
		440AE5DF25A1D5B700292702 /* CalculatorViewController.swift in Sources */ = {isa = PBXBuildFile; fileRef = 440AE5DE25A1D5B700292702 /* CalculatorViewController.swift */; };
		4441B3C625B0C3A5001491AA /* CalculatorBrain.swift in Sources */ = {isa = PBXBuildFile; fileRef = 4441B3C525B0C3A5001491AA /* CalculatorBrain.swift */; };
		4484B57525A0F03700C985BA /* AppDelegate.swift in Sources */ = {isa = PBXBuildFile; fileRef = 4484B57425A0F03700C985BA /* AppDelegate.swift */; };
		4484B57725A0F03700C985BA /* SceneDelegate.swift in Sources */ = {isa = PBXBuildFile; fileRef = 4484B57625A0F03700C985BA /* SceneDelegate.swift */; };
		4484B57925A0F03700C985BA /* ViewController.swift in Sources */ = {isa = PBXBuildFile; fileRef = 4484B57825A0F03700C985BA /* ViewController.swift */; };
		4484B57C25A0F03700C985BA /* Main.storyboard in Resources */ = {isa = PBXBuildFile; fileRef = 4484B57A25A0F03700C985BA /* Main.storyboard */; };
		4484B57E25A0F03B00C985BA /* Assets.xcassets in Resources */ = {isa = PBXBuildFile; fileRef = 4484B57D25A0F03B00C985BA /* Assets.xcassets */; };
		4484B58125A0F03B00C985BA /* LaunchScreen.storyboard in Resources */ = {isa = PBXBuildFile; fileRef = 4484B57F25A0F03B00C985BA /* LaunchScreen.storyboard */; };
/* End PBXBuildFile section */

/* Begin PBXFileReference section */
		440AE5DE25A1D5B700292702 /* CalculatorViewController.swift */ = {isa = PBXFileReference; lastKnownFileType = sourcecode.swift; path = CalculatorViewController.swift; sourceTree = "<group>"; };
		4441B3C525B0C3A5001491AA /* CalculatorBrain.swift */ = {isa = PBXFileReference; lastKnownFileType = sourcecode.swift; path = CalculatorBrain.swift; sourceTree = "<group>"; };
		4484B57125A0F03700C985BA /* CalculatorDemo.app */ = {isa = PBXFileReference; explicitFileType = wrapper.application; includeInIndex = 0; path = CalculatorDemo.app; sourceTree = BUILT_PRODUCTS_DIR; };
		4484B57425A0F03700C985BA /* AppDelegate.swift */ = {isa = PBXFileReference; lastKnownFileType = sourcecode.swift; path = AppDelegate.swift; sourceTree = "<group>"; };
		4484B57625A0F03700C985BA /* SceneDelegate.swift */ = {isa = PBXFileReference; lastKnownFileType = sourcecode.swift; path = SceneDelegate.swift; sourceTree = "<group>"; };
		4484B57825A0F03700C985BA /* ViewController.swift */ = {isa = PBXFileReference; lastKnownFileType = sourcecode.swift; path = ViewController.swift; sourceTree = "<group>"; };
		4484B57B25A0F03700C985BA /* Base */ = {isa = PBXFileReference; lastKnownFileType = file.storyboard; name = Base; path = Base.lproj/Main.storyboard; sourceTree = "<group>"; };
		4484B57D25A0F03B00C985BA /* Assets.xcassets */ = {isa = PBXFileReference; lastKnownFileType = folder.assetcatalog; path = Assets.xcassets; sourceTree = "<group>"; };
		4484B58025A0F03B00C985BA /* Base */ = {isa = PBXFileReference; lastKnownFileType = file.storyboard; name = Base; path = Base.lproj/LaunchScreen.storyboard; sourceTree = "<group>"; };
		4484B58225A0F03B00C985BA /* Info.plist */ = {isa = PBXFileReference; lastKnownFileType = text.plist.xml; path = Info.plist; sourceTree = "<group>"; };
/* End PBXFileReference section */

/* Begin PBXFrameworksBuildPhase section */
		4484B56E25A0F03700C985BA /* Frameworks */ = {
			isa = PBXFrameworksBuildPhase;
			buildActionMask = 2147483647;
			files = (
			);
			runOnlyForDeploymentPostprocessing = 0;
		};
/* End PBXFrameworksBuildPhase section */

/* Begin PBXGroup section */
		4484B56825A0F03700C985BA = {
			isa = PBXGroup;
			children = (
				4484B57325A0F03700C985BA /* CalculatorDemo */,
				4484B57225A0F03700C985BA /* Products */,
			);
			sourceTree = "<group>";
		};
		4484B57225A0F03700C985BA /* Products */ = {
			isa = PBXGroup;
			children = (
				4484B57125A0F03700C985BA /* CalculatorDemo.app */,
			);
			name = Products;
			sourceTree = "<group>";
		};
		4484B57325A0F03700C985BA /* CalculatorDemo */ = {
			isa = PBXGroup;
			children = (
				4484B57425A0F03700C985BA /* AppDelegate.swift */,
				4484B57625A0F03700C985BA /* SceneDelegate.swift */,
				4484B57825A0F03700C985BA /* ViewController.swift */,
				4441B3C525B0C3A5001491AA /* CalculatorBrain.swift */,
				440AE5DE25A1D5B700292702 /* CalculatorViewController.swift */,
				4484B57A25A0F03700C985BA /* Main.storyboard */,
				4484B57D25A0F03B00C985BA /* Assets.xcassets */,
				4484B57F25A0F03B00C985BA /* LaunchScreen.storyboard */,
				4484B58225A0F03B00C985BA /* Info.plist */,
			);
			path = CalculatorDemo;
			sourceTree = "<group>";
		};
/* End PBXGroup section */

/* Begin PBXNativeTarget section */
		4484B57025A0F03700C985BA /* CalculatorDemo */ = {
			isa = PBXNativeTarget;
			buildConfigurationList = 4484B58525A0F03B00C985BA /* Build configuration list for PBXNativeTarget "CalculatorDemo" */;
			buildPhases = (
				4484B56D25A0F03700C985BA /* Sources */,
				4484B56E25A0F03700C985BA /* Frameworks */,
				4484B56F25A0F03700C985BA /* Resources */,
			);
			buildRules = (
			);
			dependencies = (
			);
			name = CalculatorDemo;
			productName = "Calculator-demo";
			productReference = 4484B57125A0F03700C985BA /* CalculatorDemo.app */;
			productType = "com.apple.product-type.application";
		};
/* End PBXNativeTarget section */

/* Begin PBXProject section */
		4484B56925A0F03700C985BA /* Project object */ = {
			isa = PBXProject;
			attributes = {
				LastSwiftUpdateCheck = 1160;
				LastUpgradeCheck = 1160;
				ORGANIZATIONNAME = "Виталий Шаповалов";
				TargetAttributes = {
					4484B57025A0F03700C985BA = {
						CreatedOnToolsVersion = 11.6;
					};
				};
			};
			buildConfigurationList = 4484B56C25A0F03700C985BA /* Build configuration list for PBXProject "CalculatorDemo" */;
			compatibilityVersion = "Xcode 9.3";
			developmentRegion = en;
			hasScannedForEncodings = 0;
			knownRegions = (
				en,
				Base,
			);
			mainGroup = 4484B56825A0F03700C985BA;
			productRefGroup = 4484B57225A0F03700C985BA /* Products */;
			projectDirPath = "";
			projectRoot = "";
			targets = (
				4484B57025A0F03700C985BA /* CalculatorDemo */,
			);
		};
/* End PBXProject section */

/* Begin PBXResourcesBuildPhase section */
		4484B56F25A0F03700C985BA /* Resources */ = {
			isa = PBXResourcesBuildPhase;
			buildActionMask = 2147483647;
			files = (
				4484B58125A0F03B00C985BA /* LaunchScreen.storyboard in Resources */,
				4484B57E25A0F03B00C985BA /* Assets.xcassets in Resources */,
				4484B57C25A0F03700C985BA /* Main.storyboard in Resources */,
			);
			runOnlyForDeploymentPostprocessing = 0;
		};
/* End PBXResourcesBuildPhase section */

/* Begin PBXSourcesBuildPhase section */
		4484B56D25A0F03700C985BA /* Sources */ = {
			isa = PBXSourcesBuildPhase;
			buildActionMask = 2147483647;
			files = (
				4484B57925A0F03700C985BA /* ViewController.swift in Sources */,
				4484B57525A0F03700C985BA /* AppDelegate.swift in Sources */,
				440AE5DF25A1D5B700292702 /* CalculatorViewController.swift in Sources */,
				4441B3C625B0C3A5001491AA /* CalculatorBrain.swift in Sources */,
				4484B57725A0F03700C985BA /* SceneDelegate.swift in Sources */,
			);
			runOnlyForDeploymentPostprocessing = 0;
		};
/* End PBXSourcesBuildPhase section */

/* Begin PBXVariantGroup section */
		4484B57A25A0F03700C985BA /* Main.storyboard */ = {
			isa = PBXVariantGroup;
			children = (
				4484B57B25A0F03700C985BA /* Base */,
			);
			name = Main.storyboard;
			sourceTree = "<group>";
		};
		4484B57F25A0F03B00C985BA /* LaunchScreen.storyboard */ = {
			isa = PBXVariantGroup;
			children = (
				4484B58025A0F03B00C985BA /* Base */,
			);
			name = LaunchScreen.storyboard;
			sourceTree = "<group>";
		};
/* End PBXVariantGroup section */

/* Begin XCBuildConfiguration section */
		4484B58325A0F03B00C985BA /* Debug */ = {
			isa = XCBuildConfiguration;
			buildSettings = {
				ALWAYS_SEARCH_USER_PATHS = NO;
				CLANG_ANALYZER_NONNULL = YES;
				CLANG_ANALYZER_NUMBER_OBJECT_CONVERSION = YES_AGGRESSIVE;
				CLANG_CXX_LANGUAGE_STANDARD = "gnu++14";
				CLANG_CXX_LIBRARY = "libc++";
				CLANG_ENABLE_MODULES = YES;
				CLANG_ENABLE_OBJC_ARC = YES;
				CLANG_ENABLE_OBJC_WEAK = YES;
				CLANG_WARN_BLOCK_CAPTURE_AUTORELEASING = YES;
				CLANG_WARN_BOOL_CONVERSION = YES;
				CLANG_WARN_COMMA = YES;
				CLANG_WARN_CONSTANT_CONVERSION = YES;
				CLANG_WARN_DEPRECATED_OBJC_IMPLEMENTATIONS = YES;
				CLANG_WARN_DIRECT_OBJC_ISA_USAGE = YES_ERROR;
				CLANG_WARN_DOCUMENTATION_COMMENTS = YES;
				CLANG_WARN_EMPTY_BODY = YES;
				CLANG_WARN_ENUM_CONVERSION = YES;
				CLANG_WARN_INFINITE_RECURSION = YES;
				CLANG_WARN_INT_CONVERSION = YES;
				CLANG_WARN_NON_LITERAL_NULL_CONVERSION = YES;
				CLANG_WARN_OBJC_IMPLICIT_RETAIN_SELF = YES;
				CLANG_WARN_OBJC_LITERAL_CONVERSION = YES;
				CLANG_WARN_OBJC_ROOT_CLASS = YES_ERROR;
				CLANG_WARN_RANGE_LOOP_ANALYSIS = YES;
				CLANG_WARN_STRICT_PROTOTYPES = YES;
				CLANG_WARN_SUSPICIOUS_MOVE = YES;
				CLANG_WARN_UNGUARDED_AVAILABILITY = YES_AGGRESSIVE;
				CLANG_WARN_UNREACHABLE_CODE = YES;
				CLANG_WARN__DUPLICATE_METHOD_MATCH = YES;
				COPY_PHASE_STRIP = NO;
				DEBUG_INFORMATION_FORMAT = dwarf;
				ENABLE_STRICT_OBJC_MSGSEND = YES;
				ENABLE_TESTABILITY = YES;
				GCC_C_LANGUAGE_STANDARD = gnu11;
				GCC_DYNAMIC_NO_PIC = NO;
				GCC_NO_COMMON_BLOCKS = YES;
				GCC_OPTIMIZATION_LEVEL = 0;
				GCC_PREPROCESSOR_DEFINITIONS = (
					"DEBUG=1",
					"$(inherited)",
				);
				GCC_WARN_64_TO_32_BIT_CONVERSION = YES;
				GCC_WARN_ABOUT_RETURN_TYPE = YES_ERROR;
				GCC_WARN_UNDECLARED_SELECTOR = YES;
				GCC_WARN_UNINITIALIZED_AUTOS = YES_AGGRESSIVE;
				GCC_WARN_UNUSED_FUNCTION = YES;
				GCC_WARN_UNUSED_VARIABLE = YES;
				IPHONEOS_DEPLOYMENT_TARGET = 13.6;
				MTL_ENABLE_DEBUG_INFO = INCLUDE_SOURCE;
				MTL_FAST_MATH = YES;
				ONLY_ACTIVE_ARCH = YES;
				SDKROOT = iphoneos;
				SWIFT_ACTIVE_COMPILATION_CONDITIONS = DEBUG;
				SWIFT_OPTIMIZATION_LEVEL = "-Onone";
			};
			name = Debug;
		};
		4484B58425A0F03B00C985BA /* Release */ = {
			isa = XCBuildConfiguration;
			buildSettings = {
				ALWAYS_SEARCH_USER_PATHS = NO;
				CLANG_ANALYZER_NONNULL = YES;
				CLANG_ANALYZER_NUMBER_OBJECT_CONVERSION = YES_AGGRESSIVE;
				CLANG_CXX_LANGUAGE_STANDARD = "gnu++14";
				CLANG_CXX_LIBRARY = "libc++";
				CLANG_ENABLE_MODULES = YES;
				CLANG_ENABLE_OBJC_ARC = YES;
				CLANG_ENABLE_OBJC_WEAK = YES;
				CLANG_WARN_BLOCK_CAPTURE_AUTORELEASING = YES;
				CLANG_WARN_BOOL_CONVERSION = YES;
				CLANG_WARN_COMMA = YES;
				CLANG_WARN_CONSTANT_CONVERSION = YES;
				CLANG_WARN_DEPRECATED_OBJC_IMPLEMENTATIONS = YES;
				CLANG_WARN_DIRECT_OBJC_ISA_USAGE = YES_ERROR;
				CLANG_WARN_DOCUMENTATION_COMMENTS = YES;
				CLANG_WARN_EMPTY_BODY = YES;
				CLANG_WARN_ENUM_CONVERSION = YES;
				CLANG_WARN_INFINITE_RECURSION = YES;
				CLANG_WARN_INT_CONVERSION = YES;
				CLANG_WARN_NON_LITERAL_NULL_CONVERSION = YES;
				CLANG_WARN_OBJC_IMPLICIT_RETAIN_SELF = YES;
				CLANG_WARN_OBJC_LITERAL_CONVERSION = YES;
				CLANG_WARN_OBJC_ROOT_CLASS = YES_ERROR;
				CLANG_WARN_RANGE_LOOP_ANALYSIS = YES;
				CLANG_WARN_STRICT_PROTOTYPES = YES;
				CLANG_WARN_SUSPICIOUS_MOVE = YES;
				CLANG_WARN_UNGUARDED_AVAILABILITY = YES_AGGRESSIVE;
				CLANG_WARN_UNREACHABLE_CODE = YES;
				CLANG_WARN__DUPLICATE_METHOD_MATCH = YES;
				COPY_PHASE_STRIP = NO;
				DEBUG_INFORMATION_FORMAT = "dwarf-with-dsym";
				ENABLE_NS_ASSERTIONS = NO;
				ENABLE_STRICT_OBJC_MSGSEND = YES;
				GCC_C_LANGUAGE_STANDARD = gnu11;
				GCC_NO_COMMON_BLOCKS = YES;
				GCC_WARN_64_TO_32_BIT_CONVERSION = YES;
				GCC_WARN_ABOUT_RETURN_TYPE = YES_ERROR;
				GCC_WARN_UNDECLARED_SELECTOR = YES;
				GCC_WARN_UNINITIALIZED_AUTOS = YES_AGGRESSIVE;
				GCC_WARN_UNUSED_FUNCTION = YES;
				GCC_WARN_UNUSED_VARIABLE = YES;
				IPHONEOS_DEPLOYMENT_TARGET = 13.6;
				MTL_ENABLE_DEBUG_INFO = NO;
				MTL_FAST_MATH = YES;
				SDKROOT = iphoneos;
				SWIFT_COMPILATION_MODE = wholemodule;
				SWIFT_OPTIMIZATION_LEVEL = "-O";
				VALIDATE_PRODUCT = YES;
			};
			name = Release;
		};
		4484B58625A0F03B00C985BA /* Debug */ = {
			isa = XCBuildConfiguration;
			buildSettings = {
				ASSETCATALOG_COMPILER_APPICON_NAME = AppIcon;
				CODE_SIGN_STYLE = Automatic;
				DEVELOPMENT_TEAM = R358T89G6H;
				INFOPLIST_FILE = "$(SRCROOT)/CalculatorDemo/Info.plist";
				LD_RUNPATH_SEARCH_PATHS = (
					"$(inherited)",
					"@executable_path/Frameworks",
				);
				PRODUCT_BUNDLE_IDENTIFIER = "com.blacksymphony.Calculator-demo";
				PRODUCT_NAME = "$(TARGET_NAME)";
				SWIFT_VERSION = 5.0;
				TARGETED_DEVICE_FAMILY = "1,2";
			};
			name = Debug;
		};
		4484B58725A0F03B00C985BA /* Release */ = {
			isa = XCBuildConfiguration;
			buildSettings = {
				ASSETCATALOG_COMPILER_APPICON_NAME = AppIcon;
				CODE_SIGN_STYLE = Automatic;
				DEVELOPMENT_TEAM = R358T89G6H;
				INFOPLIST_FILE = "$(SRCROOT)/CalculatorDemo/Info.plist";
				LD_RUNPATH_SEARCH_PATHS = (
					"$(inherited)",
					"@executable_path/Frameworks",
				);
				PRODUCT_BUNDLE_IDENTIFIER = "com.blacksymphony.Calculator-demo";
				PRODUCT_NAME = "$(TARGET_NAME)";
				SWIFT_VERSION = 5.0;
				TARGETED_DEVICE_FAMILY = "1,2";
			};
			name = Release;
		};
/* End XCBuildConfiguration section */

/* Begin XCConfigurationList section */
		4484B56C25A0F03700C985BA /* Build configuration list for PBXProject "CalculatorDemo" */ = {
			isa = XCConfigurationList;
			buildConfigurations = (
				4484B58325A0F03B00C985BA /* Debug */,
				4484B58425A0F03B00C985BA /* Release */,
			);
			defaultConfigurationIsVisible = 0;
			defaultConfigurationName = Release;
		};
		4484B58525A0F03B00C985BA /* Build configuration list for PBXNativeTarget "CalculatorDemo" */ = {
			isa = XCConfigurationList;
			buildConfigurations = (
				4484B58625A0F03B00C985BA /* Debug */,
				4484B58725A0F03B00C985BA /* Release */,
			);
			defaultConfigurationIsVisible = 0;
			defaultConfigurationName = Release;
		};
/* End XCConfigurationList section */
	};
	rootObject = 4484B56925A0F03700C985BA /* Project object */;
}
